Microsoft Visual Studio Solution File, Format Version 12.00
# Visual Studio 2013
Project("{8BC9CEB8-8B4A-11D0-8D11-00A0C91BC942}") = "ALL_BUILD", "ALL_BUILD.vcxproj", "{AE8077FB-D820-4A28-A8FF-EC93EC26BCA2}"
	ProjectSection(ProjectDependencies) = postProject
		{6F19B6C3-884D-4A91-BF96-D8A626B29867} = {6F19B6C3-884D-4A91-BF96-D8A626B29867}
		{5E2CE19A-956F-4187-AB38-F5EE2A340E4F} = {5E2CE19A-956F-4187-AB38-F5EE2A340E4F}
		{26B914A3-03F3-48B9-83F4-2A9168005FD5} = {26B914A3-03F3-48B9-83F4-2A9168005FD5}
		{0DE72E4D-2C2E-4F68-A0F2-7B008060A2B9} = {0DE72E4D-2C2E-4F68-A0F2-7B008060A2B9}
		{61FC68F1-C84B-41F6-813F-FCE7423A070A} = {61FC68F1-C84B-41F6-813F-FCE7423A070A}
		{B0FE9B18-A079-4EFD-9DFD-F5EC99F7774A} = {B0FE9B18-A079-4EFD-9DFD-F5EC99F7774A}
		{F36E7330-9BB1-4021-A116-E7AD5BEA23E4} = {F36E7330-9BB1-4021-A116-E7AD5BEA23E4}
		{E9BFC866-6228-47DB-AB89-45B5D4738AFD} = {E9BFC866-6228-47DB-AB89-45B5D4738AFD}
		{A6FE2ADC-26D8-42A4-B904-5140480FC6A9} = {A6FE2ADC-26D8-42A4-B904-5140480FC6A9}
		{2BA993BD-152F-4247-B688-E18E038BED7C} = {2BA993BD-152F-4247-B688-E18E038BED7C}
		{C1F7A638-6114-451A-B46E-C8EB9AAF9E5A} = {C1F7A638-6114-451A-B46E-C8EB9AAF9E5A}
		{EC3B4D9F-FE30-429C-B5D7-648A109AD66C} = {EC3B4D9F-FE30-429C-B5D7-648A109AD66C}
		{D6E76E25-B972-452A-BB1F-BA2CE6C65846} = {D6E76E25-B972-452A-BB1F-BA2CE6C65846}
		{09681324-3102-4CD5-B8B0-680197D22801} = {09681324-3102-4CD5-B8B0-680197D22801}
		{F46F2C60-9041-499B-A24D-2EEBA46CECCE} = {F46F2C60-9041-499B-A24D-2EEBA46CECCE}
		{61780A97-53EF-4B11-BF97-5031B77CF287} = {61780A97-53EF-4B11-BF97-5031B77CF287}
		{71732232-29E1-42CE-BA65-84B7A15F38BF} = {71732232-29E1-42CE-BA65-84B7A15F38BF}
		{899A0977-0289-415C-9CCE-650B9115311D} = {899A0977-0289-415C-9CCE-650B9115311D}
		{62DCE4CE-373F-490B-A2B0-B2F9860845E3} = {62DCE4CE-373F-490B-A2B0-B2F9860845E3}
		{3B5F89D7-3F2B-469F-86BB-C0681700E9B2} = {3B5F89D7-3F2B-469F-86BB-C0681700E9B2}
		{CE7B109E-AA7B-4C39-8FB3-F103F3CCAEAD} = {CE7B109E-AA7B-4C39-8FB3-F103F3CCAEAD}
		{AF5937C2-4811-434A-8778-BE80DC3DB06C} = {AF5937C2-4811-434A-8778-BE80DC3DB06C}
		{DBB72A23-71F2-4AD0-AB01-9EDADE40BB75} = {DBB72A23-71F2-4AD0-AB01-9EDADE40BB75}
		{70097CE4-7D2C-4C8A-A68C-658EDA9EF069} = {70097CE4-7D2C-4C8A-A68C-658EDA9EF069}
		{C568E754-B095-4F77-A1EA-DDC58312C8F0} = {C568E754-B095-4F77-A1EA-DDC58312C8F0}
		{F32A9266-AC4C-4B3C-B352-E820E5C3137F} = {F32A9266-AC4C-4B3C-B352-E820E5C3137F}
		{B69CA2EB-954A-4789-B775-7426F8A428EF} = {B69CA2EB-954A-4789-B775-7426F8A428EF}
		{DA374479-2C85-493A-887C-0F33A2DEE7F4} = {DA374479-2C85-493A-887C-0F33A2DEE7F4}
		{FE2FAC50-4232-4539-B5B3-A113A2CF1BFE} = {FE2FAC50-4232-4539-B5B3-A113A2CF1BFE}
		{919A7E72-D107-433B-B361-51F20505C142} = {919A7E72-D107-433B-B361-51F20505C142}
		{5CDBDFB1-F01E-40B8-90FD-5748788A6A35} = {5CDBDFB1-F01E-40B8-90FD-5748788A6A35}
		{44F4911F-24CC-4599-9D40-E8A2EA033C66} = {44F4911F-24CC-4599-9D40-E8A2EA033C66}
		{A75E4AD5-F2D6-4AA9-B425-FFF50B8B412C} = {A75E4AD5-F2D6-4AA9-B425-FFF50B8B412C}
		{790E5FAF-BED5-4BE4-BF48-3AF1206F53EE} = {790E5FAF-BED5-4BE4-BF48-3AF1206F53EE}
		{6938FD40-D670-4792-9FAB-F00E5D5B865E} = {6938FD40-D670-4792-9FAB-F00E5D5B865E}
		{26EFE06C-4EAD-41DF-BA5F-EE6D75BC6A31} = {26EFE06C-4EAD-41DF-BA5F-EE6D75BC6A31}
		{762BAE6D-ACFE-47B4-B795-D7B4751C8579} = {762BAE6D-ACFE-47B4-B795-D7B4751C8579}
		{7C1AFFF9-CD16-4C91-B55B-630BA7CCE9C8} = {7C1AFFF9-CD16-4C91-B55B-630BA7CCE9C8}
		{34F0DA16-22D3-4CE1-B8C0-1168441BE781} = {34F0DA16-22D3-4CE1-B8C0-1168441BE781}
		{6AEA5E4D-64FA-44BD-A177-E9E441EF48D7} = {6AEA5E4D-64FA-44BD-A177-E9E441EF48D7}
		{0CA7A0B7-B2F5-4F80-B7CE-7C9D705E03F7} = {0CA7A0B7-B2F5-4F80-B7CE-7C9D705E03F7}
		{D9F1300D-8D73-4FFF-B3EA-C87B733AABE1} = {D9F1300D-8D73-4FFF-B3EA-C87B733AABE1}
		{14C2D9FA-221F-4891-AECA-0CA4459229DE} = {14C2D9FA-221F-4891-AECA-0CA4459229DE}
		{CF156E50-8EFC-40CE-9D40-4A50318293DF} = {CF156E50-8EFC-40CE-9D40-4A50318293DF}
	EndProjectSection
EndProject
Project("{8BC9CEB8-8B4A-11D0-8D11-00A0C91BC942}") = "INSTALL", "INSTALL.vcxproj", "{2E30816D-D41D-43A3-8262-963998D839B4}"
	ProjectSection(ProjectDependencies) = postProject
		{AE8077FB-D820-4A28-A8FF-EC93EC26BCA2} = {AE8077FB-D820-4A28-A8FF-EC93EC26BCA2}
	EndProjectSection
EndProject
Project("{8BC9CEB8-8B4A-11D0-8D11-00A0C91BC942}") = "PACKAGE", "PACKAGE.vcxproj", "{B0156ABD-03D1-4E46-AAC9-64084AF2664E}"
	ProjectSection(ProjectDependencies) = postProject
		{AE8077FB-D820-4A28-A8FF-EC93EC26BCA2} = {AE8077FB-D820-4A28-A8FF-EC93EC26BCA2}
	EndProjectSection
EndProject
Project("{8BC9CEB8-8B4A-11D0-8D11-00A0C91BC942}") = "ZERO_CHECK", "..\..\ZERO_CHECK.vcxproj", "{8B5082FA-1971-4357-8D06-1636EB944F37}"
	ProjectSection(ProjectDependencies) = postProject
	EndProjectSection
EndProject
Project("{8BC9CEB8-8B4A-11D0-8D11-00A0C91BC942}") = "osgEarth", "..\osgEarth\osgEarth.vcxproj", "{2BFFEFC3-6356-44CA-A035-FDB3B943B139}"
	ProjectSection(ProjectDependencies) = postProject
		{8B5082FA-1971-4357-8D06-1636EB944F37} = {8B5082FA-1971-4357-8D06-1636EB944F37}
	EndProjectSection
EndProject
Project("{8BC9CEB8-8B4A-11D0-8D11-00A0C91BC942}") = "osgEarthAnnotation", "..\osgEarthAnnotation\osgEarthAnnotation.vcxproj", "{F9842558-95AA-4F3E-9C47-C46114BBD35D}"
	ProjectSection(ProjectDependencies) = postProject
		{8B5082FA-1971-4357-8D06-1636EB944F37} = {8B5082FA-1971-4357-8D06-1636EB944F37}
		{2BFFEFC3-6356-44CA-A035-FDB3B943B139} = {2BFFEFC3-6356-44CA-A035-FDB3B943B139}
		{6ABA1F74-F8A1-46D0-A1DA-F9B96F26F544} = {6ABA1F74-F8A1-46D0-A1DA-F9B96F26F544}
		{317835DC-05D5-4406-B128-071E22CD8E3F} = {317835DC-05D5-4406-B128-071E22CD8E3F}
	EndProjectSection
EndProject
Project("{8BC9CEB8-8B4A-11D0-8D11-00A0C91BC942}") = "osgEarthFeatures", "..\osgEarthFeatures\osgEarthFeatures.vcxproj", "{6ABA1F74-F8A1-46D0-A1DA-F9B96F26F544}"
	ProjectSection(ProjectDependencies) = postProject
		{8B5082FA-1971-4357-8D06-1636EB944F37} = {8B5082FA-1971-4357-8D06-1636EB944F37}
		{2BFFEFC3-6356-44CA-A035-FDB3B943B139} = {2BFFEFC3-6356-44CA-A035-FDB3B943B139}
		{317835DC-05D5-4406-B128-071E22CD8E3F} = {317835DC-05D5-4406-B128-071E22CD8E3F}
	EndProjectSection
EndProject
Project("{8BC9CEB8-8B4A-11D0-8D11-00A0C91BC942}") = "osgEarthSymbology", "..\osgEarthSymbology\osgEarthSymbology.vcxproj", "{317835DC-05D5-4406-B128-071E22CD8E3F}"
	ProjectSection(ProjectDependencies) = postProject
		{8B5082FA-1971-4357-8D06-1636EB944F37} = {8B5082FA-1971-4357-8D06-1636EB944F37}
		{2BFFEFC3-6356-44CA-A035-FDB3B943B139} = {2BFFEFC3-6356-44CA-A035-FDB3B943B139}
	EndProjectSection
EndProject
Project("{8BC9CEB8-8B4A-11D0-8D11-00A0C91BC942}") = "osgEarthUtil", "..\osgEarthUtil\osgEarthUtil.vcxproj", "{99D0FF43-4DD1-457F-92D0-6FB8EBFE34D1}"
	ProjectSection(ProjectDependencies) = postProject
		{8B5082FA-1971-4357-8D06-1636EB944F37} = {8B5082FA-1971-4357-8D06-1636EB944F37}
		{2BFFEFC3-6356-44CA-A035-FDB3B943B139} = {2BFFEFC3-6356-44CA-A035-FDB3B943B139}
		{F9842558-95AA-4F3E-9C47-C46114BBD35D} = {F9842558-95AA-4F3E-9C47-C46114BBD35D}
		{6ABA1F74-F8A1-46D0-A1DA-F9B96F26F544} = {6ABA1F74-F8A1-46D0-A1DA-F9B96F26F544}
		{317835DC-05D5-4406-B128-071E22CD8E3F} = {317835DC-05D5-4406-B128-071E22CD8E3F}
	EndProjectSection
EndProject
Project("{8BC9CEB8-8B4A-11D0-8D11-00A0C91BC942}") = "osgdb_earth", "earth\osgdb_earth.vcxproj", "{6F19B6C3-884D-4A91-BF96-D8A626B29867}"
	ProjectSection(ProjectDependencies) = postProject
		{8B5082FA-1971-4357-8D06-1636EB944F37} = {8B5082FA-1971-4357-8D06-1636EB944F37}
		{2BFFEFC3-6356-44CA-A035-FDB3B943B139} = {2BFFEFC3-6356-44CA-A035-FDB3B943B139}
	EndProjectSection
EndProject
Project("{8BC9CEB8-8B4A-11D0-8D11-00A0C91BC942}") = "osgdb_kml", "kml\osgdb_kml.vcxproj", "{5E2CE19A-956F-4187-AB38-F5EE2A340E4F}"
	ProjectSection(ProjectDependencies) = postProject
		{8B5082FA-1971-4357-8D06-1636EB944F37} = {8B5082FA-1971-4357-8D06-1636EB944F37}
		{2BFFEFC3-6356-44CA-A035-FDB3B943B139} = {2BFFEFC3-6356-44CA-A035-FDB3B943B139}
		{F9842558-95AA-4F3E-9C47-C46114BBD35D} = {F9842558-95AA-4F3E-9C47-C46114BBD35D}
		{6ABA1F74-F8A1-46D0-A1DA-F9B96F26F544} = {6ABA1F74-F8A1-46D0-A1DA-F9B96F26F544}
		{317835DC-05D5-4406-B128-071E22CD8E3F} = {317835DC-05D5-4406-B128-071E22CD8E3F}
		{99D0FF43-4DD1-457F-92D0-6FB8EBFE34D1} = {99D0FF43-4DD1-457F-92D0-6FB8EBFE34D1}
	EndProjectSection
EndProject
Project("{8BC9CEB8-8B4A-11D0-8D11-00A0C91BC942}") = "osgdb_osgearth_agglite", "agglite\osgdb_osgearth_agglite.vcxproj", "{26B914A3-03F3-48B9-83F4-2A9168005FD5}"
	ProjectSection(ProjectDependencies) = postProject
		{8B5082FA-1971-4357-8D06-1636EB944F37} = {8B5082FA-1971-4357-8D06-1636EB944F37}
		{2BFFEFC3-6356-44CA-A035-FDB3B943B139} = {2BFFEFC3-6356-44CA-A035-FDB3B943B139}
		{6ABA1F74-F8A1-46D0-A1DA-F9B96F26F544} = {6ABA1F74-F8A1-46D0-A1DA-F9B96F26F544}
		{317835DC-05D5-4406-B128-071E22CD8E3F} = {317835DC-05D5-4406-B128-071E22CD8E3F}
	EndProjectSection
EndProject
Project("{8BC9CEB8-8B4A-11D0-8D11-00A0C91BC942}") = "osgdb_osgearth_arcgis", "arcgis\osgdb_osgearth_arcgis.vcxproj", "{0DE72E4D-2C2E-4F68-A0F2-7B008060A2B9}"
	ProjectSection(ProjectDependencies) = postProject
		{8B5082FA-1971-4357-8D06-1636EB944F37} = {8B5082FA-1971-4357-8D06-1636EB944F37}
		{2BFFEFC3-6356-44CA-A035-FDB3B943B139} = {2BFFEFC3-6356-44CA-A035-FDB3B943B139}
	EndProjectSection
EndProject
Project("{8BC9CEB8-8B4A-11D0-8D11-00A0C91BC942}") = "osgdb_osgearth_arcgis_map_cache", "arcgis_map_cache\osgdb_osgearth_arcgis_map_cache.vcxproj", "{61FC68F1-C84B-41F6-813F-FCE7423A070A}"
	ProjectSection(ProjectDependencies) = postProject
		{8B5082FA-1971-4357-8D06-1636EB944F37} = {8B5082FA-1971-4357-8D06-1636EB944F37}
		{2BFFEFC3-6356-44CA-A035-FDB3B943B139} = {2BFFEFC3-6356-44CA-A035-FDB3B943B139}
	EndProjectSection
EndProject
Project("{8BC9CEB8-8B4A-11D0-8D11-00A0C91BC942}") = "osgdb_osgearth_bing", "bing\osgdb_osgearth_bing.vcxproj", "{B0FE9B18-A079-4EFD-9DFD-F5EC99F7774A}"
	ProjectSection(ProjectDependencies) = postProject
		{8B5082FA-1971-4357-8D06-1636EB944F37} = {8B5082FA-1971-4357-8D06-1636EB944F37}
		{2BFFEFC3-6356-44CA-A035-FDB3B943B139} = {2BFFEFC3-6356-44CA-A035-FDB3B943B139}
		{317835DC-05D5-4406-B128-071E22CD8E3F} = {317835DC-05D5-4406-B128-071E22CD8E3F}
	EndProjectSection
EndProject
Project("{8BC9CEB8-8B4A-11D0-8D11-00A0C91BC942}") = "osgdb_osgearth_cache_filesystem", "cache_filesystem\osgdb_osgearth_cache_filesystem.vcxproj", "{F36E7330-9BB1-4021-A116-E7AD5BEA23E4}"
	ProjectSection(ProjectDependencies) = postProject
		{8B5082FA-1971-4357-8D06-1636EB944F37} = {8B5082FA-1971-4357-8D06-1636EB944F37}
		{2BFFEFC3-6356-44CA-A035-FDB3B943B139} = {2BFFEFC3-6356-44CA-A035-FDB3B943B139}
	EndProjectSection
EndProject
Project("{8BC9CEB8-8B4A-11D0-8D11-00A0C91BC942}") = "osgdb_osgearth_colorramp", "colorramp\osgdb_osgearth_colorramp.vcxproj", "{E9BFC866-6228-47DB-AB89-45B5D4738AFD}"
	ProjectSection(ProjectDependencies) = postProject
		{8B5082FA-1971-4357-8D06-1636EB944F37} = {8B5082FA-1971-4357-8D06-1636EB944F37}
		{2BFFEFC3-6356-44CA-A035-FDB3B943B139} = {2BFFEFC3-6356-44CA-A035-FDB3B943B139}
		{317835DC-05D5-4406-B128-071E22CD8E3F} = {317835DC-05D5-4406-B128-071E22CD8E3F}
	EndProjectSection
EndProject
Project("{8BC9CEB8-8B4A-11D0-8D11-00A0C91BC942}") = "osgdb_osgearth_debug", "debug\osgdb_osgearth_debug.vcxproj", "{A6FE2ADC-26D8-42A4-B904-5140480FC6A9}"
	ProjectSection(ProjectDependencies) = postProject
		{8B5082FA-1971-4357-8D06-1636EB944F37} = {8B5082FA-1971-4357-8D06-1636EB944F37}
		{2BFFEFC3-6356-44CA-A035-FDB3B943B139} = {2BFFEFC3-6356-44CA-A035-FDB3B943B139}
		{317835DC-05D5-4406-B128-071E22CD8E3F} = {317835DC-05D5-4406-B128-071E22CD8E3F}
	EndProjectSection
EndProject
Project("{8BC9CEB8-8B4A-11D0-8D11-00A0C91BC942}") = "osgdb_osgearth_engine_byo", "engine_byo\osgdb_osgearth_engine_byo.vcxproj", "{2BA993BD-152F-4247-B688-E18E038BED7C}"
	ProjectSection(ProjectDependencies) = postProject
		{8B5082FA-1971-4357-8D06-1636EB944F37} = {8B5082FA-1971-4357-8D06-1636EB944F37}
		{2BFFEFC3-6356-44CA-A035-FDB3B943B139} = {2BFFEFC3-6356-44CA-A035-FDB3B943B139}
		{317835DC-05D5-4406-B128-071E22CD8E3F} = {317835DC-05D5-4406-B128-071E22CD8E3F}
	EndProjectSection
EndProject
Project("{8BC9CEB8-8B4A-11D0-8D11-00A0C91BC942}") = "osgdb_osgearth_engine_mp", "engine_mp\osgdb_osgearth_engine_mp.vcxproj", "{C1F7A638-6114-451A-B46E-C8EB9AAF9E5A}"
	ProjectSection(ProjectDependencies) = postProject
		{8B5082FA-1971-4357-8D06-1636EB944F37} = {8B5082FA-1971-4357-8D06-1636EB944F37}
		{2BFFEFC3-6356-44CA-A035-FDB3B943B139} = {2BFFEFC3-6356-44CA-A035-FDB3B943B139}
		{317835DC-05D5-4406-B128-071E22CD8E3F} = {317835DC-05D5-4406-B128-071E22CD8E3F}
	EndProjectSection
EndProject
Project("{8BC9CEB8-8B4A-11D0-8D11-00A0C91BC942}") = "osgdb_osgearth_feature_elevation", "feature_elevation\osgdb_osgearth_feature_elevation.vcxproj", "{EC3B4D9F-FE30-429C-B5D7-648A109AD66C}"
	ProjectSection(ProjectDependencies) = postProject
		{8B5082FA-1971-4357-8D06-1636EB944F37} = {8B5082FA-1971-4357-8D06-1636EB944F37}
		{2BFFEFC3-6356-44CA-A035-FDB3B943B139} = {2BFFEFC3-6356-44CA-A035-FDB3B943B139}
		{F9842558-95AA-4F3E-9C47-C46114BBD35D} = {F9842558-95AA-4F3E-9C47-C46114BBD35D}
		{6ABA1F74-F8A1-46D0-A1DA-F9B96F26F544} = {6ABA1F74-F8A1-46D0-A1DA-F9B96F26F544}
		{317835DC-05D5-4406-B128-071E22CD8E3F} = {317835DC-05D5-4406-B128-071E22CD8E3F}
		{99D0FF43-4DD1-457F-92D0-6FB8EBFE34D1} = {99D0FF43-4DD1-457F-92D0-6FB8EBFE34D1}
	EndProjectSection
EndProject
Project("{8BC9CEB8-8B4A-11D0-8D11-00A0C91BC942}") = "osgdb_osgearth_feature_ogr", "feature_ogr\osgdb_osgearth_feature_ogr.vcxproj", "{D6E76E25-B972-452A-BB1F-BA2CE6C65846}"
	ProjectSection(ProjectDependencies) = postProject
		{8B5082FA-1971-4357-8D06-1636EB944F37} = {8B5082FA-1971-4357-8D06-1636EB944F37}
		{2BFFEFC3-6356-44CA-A035-FDB3B943B139} = {2BFFEFC3-6356-44CA-A035-FDB3B943B139}
		{6ABA1F74-F8A1-46D0-A1DA-F9B96F26F544} = {6ABA1F74-F8A1-46D0-A1DA-F9B96F26F544}
		{317835DC-05D5-4406-B128-071E22CD8E3F} = {317835DC-05D5-4406-B128-071E22CD8E3F}
	EndProjectSection
EndProject
Project("{8BC9CEB8-8B4A-11D0-8D11-00A0C91BC942}") = "osgdb_osgearth_feature_raster", "feature_raster\osgdb_osgearth_feature_raster.vcxproj", "{09681324-3102-4CD5-B8B0-680197D22801}"
	ProjectSection(ProjectDependencies) = postProject
		{8B5082FA-1971-4357-8D06-1636EB944F37} = {8B5082FA-1971-4357-8D06-1636EB944F37}
		{2BFFEFC3-6356-44CA-A035-FDB3B943B139} = {2BFFEFC3-6356-44CA-A035-FDB3B943B139}
		{F9842558-95AA-4F3E-9C47-C46114BBD35D} = {F9842558-95AA-4F3E-9C47-C46114BBD35D}
		{6ABA1F74-F8A1-46D0-A1DA-F9B96F26F544} = {6ABA1F74-F8A1-46D0-A1DA-F9B96F26F544}
		{317835DC-05D5-4406-B128-071E22CD8E3F} = {317835DC-05D5-4406-B128-071E22CD8E3F}
		{99D0FF43-4DD1-457F-92D0-6FB8EBFE34D1} = {99D0FF43-4DD1-457F-92D0-6FB8EBFE34D1}
	EndProjectSection
EndProject
Project("{8BC9CEB8-8B4A-11D0-8D11-00A0C91BC942}") = "osgdb_osgearth_feature_tfs", "feature_tfs\osgdb_osgearth_feature_tfs.vcxproj", "{F46F2C60-9041-499B-A24D-2EEBA46CECCE}"
	ProjectSection(ProjectDependencies) = postProject
		{8B5082FA-1971-4357-8D06-1636EB944F37} = {8B5082FA-1971-4357-8D06-1636EB944F37}
		{2BFFEFC3-6356-44CA-A035-FDB3B943B139} = {2BFFEFC3-6356-44CA-A035-FDB3B943B139}
		{F9842558-95AA-4F3E-9C47-C46114BBD35D} = {F9842558-95AA-4F3E-9C47-C46114BBD35D}
		{6ABA1F74-F8A1-46D0-A1DA-F9B96F26F544} = {6ABA1F74-F8A1-46D0-A1DA-F9B96F26F544}
		{317835DC-05D5-4406-B128-071E22CD8E3F} = {317835DC-05D5-4406-B128-071E22CD8E3F}
		{99D0FF43-4DD1-457F-92D0-6FB8EBFE34D1} = {99D0FF43-4DD1-457F-92D0-6FB8EBFE34D1}
	EndProjectSection
EndProject
Project("{8BC9CEB8-8B4A-11D0-8D11-00A0C91BC942}") = "osgdb_osgearth_feature_wfs", "feature_wfs\osgdb_osgearth_feature_wfs.vcxproj", "{61780A97-53EF-4B11-BF97-5031B77CF287}"
	ProjectSection(ProjectDependencies) = postProject
		{8B5082FA-1971-4357-8D06-1636EB944F37} = {8B5082FA-1971-4357-8D06-1636EB944F37}
		{2BFFEFC3-6356-44CA-A035-FDB3B943B139} = {2BFFEFC3-6356-44CA-A035-FDB3B943B139}
		{F9842558-95AA-4F3E-9C47-C46114BBD35D} = {F9842558-95AA-4F3E-9C47-C46114BBD35D}
		{6ABA1F74-F8A1-46D0-A1DA-F9B96F26F544} = {6ABA1F74-F8A1-46D0-A1DA-F9B96F26F544}
		{317835DC-05D5-4406-B128-071E22CD8E3F} = {317835DC-05D5-4406-B128-071E22CD8E3F}
		{99D0FF43-4DD1-457F-92D0-6FB8EBFE34D1} = {99D0FF43-4DD1-457F-92D0-6FB8EBFE34D1}
	EndProjectSection
EndProject
Project("{8BC9CEB8-8B4A-11D0-8D11-00A0C91BC942}") = "osgdb_osgearth_gdal", "gdal\osgdb_osgearth_gdal.vcxproj", "{71732232-29E1-42CE-BA65-84B7A15F38BF}"
	ProjectSection(ProjectDependencies) = postProject
		{8B5082FA-1971-4357-8D06-1636EB944F37} = {8B5082FA-1971-4357-8D06-1636EB944F37}
		{2BFFEFC3-6356-44CA-A035-FDB3B943B139} = {2BFFEFC3-6356-44CA-A035-FDB3B943B139}
	EndProjectSection
EndProject
Project("{8BC9CEB8-8B4A-11D0-8D11-00A0C91BC942}") = "osgdb_osgearth_label_annotation", "label_annotation\osgdb_osgearth_label_annotation.vcxproj", "{899A0977-0289-415C-9CCE-650B9115311D}"
	ProjectSection(ProjectDependencies) = postProject
		{8B5082FA-1971-4357-8D06-1636EB944F37} = {8B5082FA-1971-4357-8D06-1636EB944F37}
		{2BFFEFC3-6356-44CA-A035-FDB3B943B139} = {2BFFEFC3-6356-44CA-A035-FDB3B943B139}
		{F9842558-95AA-4F3E-9C47-C46114BBD35D} = {F9842558-95AA-4F3E-9C47-C46114BBD35D}
		{6ABA1F74-F8A1-46D0-A1DA-F9B96F26F544} = {6ABA1F74-F8A1-46D0-A1DA-F9B96F26F544}
		{317835DC-05D5-4406-B128-071E22CD8E3F} = {317835DC-05D5-4406-B128-071E22CD8E3F}
	EndProjectSection
EndProject
Project("{8BC9CEB8-8B4A-11D0-8D11-00A0C91BC942}") = "osgdb_osgearth_mask_feature", "mask_feature\osgdb_osgearth_mask_feature.vcxproj", "{62DCE4CE-373F-490B-A2B0-B2F9860845E3}"
	ProjectSection(ProjectDependencies) = postProject
		{8B5082FA-1971-4357-8D06-1636EB944F37} = {8B5082FA-1971-4357-8D06-1636EB944F37}
		{2BFFEFC3-6356-44CA-A035-FDB3B943B139} = {2BFFEFC3-6356-44CA-A035-FDB3B943B139}
		{6ABA1F74-F8A1-46D0-A1DA-F9B96F26F544} = {6ABA1F74-F8A1-46D0-A1DA-F9B96F26F544}
		{317835DC-05D5-4406-B128-071E22CD8E3F} = {317835DC-05D5-4406-B128-071E22CD8E3F}
	EndProjectSection
EndProject
Project("{8BC9CEB8-8B4A-11D0-8D11-00A0C91BC942}") = "osgdb_osgearth_mbtiles", "mbtiles\osgdb_osgearth_mbtiles.vcxproj", "{3B5F89D7-3F2B-469F-86BB-C0681700E9B2}"
	ProjectSection(ProjectDependencies) = postProject
		{8B5082FA-1971-4357-8D06-1636EB944F37} = {8B5082FA-1971-4357-8D06-1636EB944F37}
		{2BFFEFC3-6356-44CA-A035-FDB3B943B139} = {2BFFEFC3-6356-44CA-A035-FDB3B943B139}
	EndProjectSection
EndProject
Project("{8BC9CEB8-8B4A-11D0-8D11-00A0C91BC942}") = "osgdb_osgearth_model_feature_geom", "model_feature_geom\osgdb_osgearth_model_feature_geom.vcxproj", "{CE7B109E-AA7B-4C39-8FB3-F103F3CCAEAD}"
	ProjectSection(ProjectDependencies) = postProject
		{8B5082FA-1971-4357-8D06-1636EB944F37} = {8B5082FA-1971-4357-8D06-1636EB944F37}
		{2BFFEFC3-6356-44CA-A035-FDB3B943B139} = {2BFFEFC3-6356-44CA-A035-FDB3B943B139}
		{6ABA1F74-F8A1-46D0-A1DA-F9B96F26F544} = {6ABA1F74-F8A1-46D0-A1DA-F9B96F26F544}
		{317835DC-05D5-4406-B128-071E22CD8E3F} = {317835DC-05D5-4406-B128-071E22CD8E3F}
	EndProjectSection
EndProject
Project("{8BC9CEB8-8B4A-11D0-8D11-00A0C91BC942}") = "osgdb_osgearth_model_feature_stencil", "model_feature_stencil\osgdb_osgearth_model_feature_stencil.vcxproj", "{AF5937C2-4811-434A-8778-BE80DC3DB06C}"
	ProjectSection(ProjectDependencies) = postProject
		{8B5082FA-1971-4357-8D06-1636EB944F37} = {8B5082FA-1971-4357-8D06-1636EB944F37}
		{2BFFEFC3-6356-44CA-A035-FDB3B943B139} = {2BFFEFC3-6356-44CA-A035-FDB3B943B139}
		{6ABA1F74-F8A1-46D0-A1DA-F9B96F26F544} = {6ABA1F74-F8A1-46D0-A1DA-F9B96F26F544}
		{317835DC-05D5-4406-B128-071E22CD8E3F} = {317835DC-05D5-4406-B128-071E22CD8E3F}
	EndProjectSection
EndProject
Project("{8BC9CEB8-8B4A-11D0-8D11-00A0C91BC942}") = "osgdb_osgearth_model_simple", "model_simple\osgdb_osgearth_model_simple.vcxproj", "{DBB72A23-71F2-4AD0-AB01-9EDADE40BB75}"
	ProjectSection(ProjectDependencies) = postProject
		{8B5082FA-1971-4357-8D06-1636EB944F37} = {8B5082FA-1971-4357-8D06-1636EB944F37}
		{2BFFEFC3-6356-44CA-A035-FDB3B943B139} = {2BFFEFC3-6356-44CA-A035-FDB3B943B139}
		{6ABA1F74-F8A1-46D0-A1DA-F9B96F26F544} = {6ABA1F74-F8A1-46D0-A1DA-F9B96F26F544}
		{317835DC-05D5-4406-B128-071E22CD8E3F} = {317835DC-05D5-4406-B128-071E22CD8E3F}
	EndProjectSection
EndProject
Project("{8BC9CEB8-8B4A-11D0-8D11-00A0C91BC942}") = "osgdb_osgearth_ocean_simple", "ocean_simple\osgdb_osgearth_ocean_simple.vcxproj", "{70097CE4-7D2C-4C8A-A68C-658EDA9EF069}"
	ProjectSection(ProjectDependencies) = postProject
		{8B5082FA-1971-4357-8D06-1636EB944F37} = {8B5082FA-1971-4357-8D06-1636EB944F37}
		{2BFFEFC3-6356-44CA-A035-FDB3B943B139} = {2BFFEFC3-6356-44CA-A035-FDB3B943B139}
		{F9842558-95AA-4F3E-9C47-C46114BBD35D} = {F9842558-95AA-4F3E-9C47-C46114BBD35D}
		{6ABA1F74-F8A1-46D0-A1DA-F9B96F26F544} = {6ABA1F74-F8A1-46D0-A1DA-F9B96F26F544}
		{317835DC-05D5-4406-B128-071E22CD8E3F} = {317835DC-05D5-4406-B128-071E22CD8E3F}
		{99D0FF43-4DD1-457F-92D0-6FB8EBFE34D1} = {99D0FF43-4DD1-457F-92D0-6FB8EBFE34D1}
	EndProjectSection
EndProject
Project("{8BC9CEB8-8B4A-11D0-8D11-00A0C91BC942}") = "osgdb_osgearth_osg", "osg\osgdb_osgearth_osg.vcxproj", "{C568E754-B095-4F77-A1EA-DDC58312C8F0}"
	ProjectSection(ProjectDependencies) = postProject
		{8B5082FA-1971-4357-8D06-1636EB944F37} = {8B5082FA-1971-4357-8D06-1636EB944F37}
		{2BFFEFC3-6356-44CA-A035-FDB3B943B139} = {2BFFEFC3-6356-44CA-A035-FDB3B943B139}
	EndProjectSection
EndProject
Project("{8BC9CEB8-8B4A-11D0-8D11-00A0C91BC942}") = "osgdb_osgearth_quadkey", "quadkey\osgdb_osgearth_quadkey.vcxproj", "{F32A9266-AC4C-4B3C-B352-E820E5C3137F}"
	ProjectSection(ProjectDependencies) = postProject
		{8B5082FA-1971-4357-8D06-1636EB944F37} = {8B5082FA-1971-4357-8D06-1636EB944F37}
		{2BFFEFC3-6356-44CA-A035-FDB3B943B139} = {2BFFEFC3-6356-44CA-A035-FDB3B943B139}
		{F9842558-95AA-4F3E-9C47-C46114BBD35D} = {F9842558-95AA-4F3E-9C47-C46114BBD35D}
		{6ABA1F74-F8A1-46D0-A1DA-F9B96F26F544} = {6ABA1F74-F8A1-46D0-A1DA-F9B96F26F544}
		{317835DC-05D5-4406-B128-071E22CD8E3F} = {317835DC-05D5-4406-B128-071E22CD8E3F}
		{99D0FF43-4DD1-457F-92D0-6FB8EBFE34D1} = {99D0FF43-4DD1-457F-92D0-6FB8EBFE34D1}
	EndProjectSection
EndProject
Project("{8BC9CEB8-8B4A-11D0-8D11-00A0C91BC942}") = "osgdb_osgearth_refresh", "refresh\osgdb_osgearth_refresh.vcxproj", "{B69CA2EB-954A-4789-B775-7426F8A428EF}"
	ProjectSection(ProjectDependencies) = postProject
		{8B5082FA-1971-4357-8D06-1636EB944F37} = {8B5082FA-1971-4357-8D06-1636EB944F37}
		{2BFFEFC3-6356-44CA-A035-FDB3B943B139} = {2BFFEFC3-6356-44CA-A035-FDB3B943B139}
	EndProjectSection
EndProject
Project("{8BC9CEB8-8B4A-11D0-8D11-00A0C91BC942}") = "osgdb_osgearth_scriptengine_javascript", "script_engine_duktape\osgdb_osgearth_scriptengine_javascript.vcxproj", "{DA374479-2C85-493A-887C-0F33A2DEE7F4}"
	ProjectSection(ProjectDependencies) = postProject
		{8B5082FA-1971-4357-8D06-1636EB944F37} = {8B5082FA-1971-4357-8D06-1636EB944F37}
		{2BFFEFC3-6356-44CA-A035-FDB3B943B139} = {2BFFEFC3-6356-44CA-A035-FDB3B943B139}
		{6ABA1F74-F8A1-46D0-A1DA-F9B96F26F544} = {6ABA1F74-F8A1-46D0-A1DA-F9B96F26F544}
		{317835DC-05D5-4406-B128-071E22CD8E3F} = {317835DC-05D5-4406-B128-071E22CD8E3F}
	EndProjectSection
EndProject
Project("{8BC9CEB8-8B4A-11D0-8D11-00A0C91BC942}") = "osgdb_osgearth_sky_gl", "sky_gl\osgdb_osgearth_sky_gl.vcxproj", "{FE2FAC50-4232-4539-B5B3-A113A2CF1BFE}"
	ProjectSection(ProjectDependencies) = postProject
		{8B5082FA-1971-4357-8D06-1636EB944F37} = {8B5082FA-1971-4357-8D06-1636EB944F37}
		{2BFFEFC3-6356-44CA-A035-FDB3B943B139} = {2BFFEFC3-6356-44CA-A035-FDB3B943B139}
		{F9842558-95AA-4F3E-9C47-C46114BBD35D} = {F9842558-95AA-4F3E-9C47-C46114BBD35D}
		{6ABA1F74-F8A1-46D0-A1DA-F9B96F26F544} = {6ABA1F74-F8A1-46D0-A1DA-F9B96F26F544}
		{317835DC-05D5-4406-B128-071E22CD8E3F} = {317835DC-05D5-4406-B128-071E22CD8E3F}
		{99D0FF43-4DD1-457F-92D0-6FB8EBFE34D1} = {99D0FF43-4DD1-457F-92D0-6FB8EBFE34D1}
	EndProjectSection
EndProject
Project("{8BC9CEB8-8B4A-11D0-8D11-00A0C91BC942}") = "osgdb_osgearth_sky_simple", "sky_simple\osgdb_osgearth_sky_simple.vcxproj", "{919A7E72-D107-433B-B361-51F20505C142}"
	ProjectSection(ProjectDependencies) = postProject
		{8B5082FA-1971-4357-8D06-1636EB944F37} = {8B5082FA-1971-4357-8D06-1636EB944F37}
		{2BFFEFC3-6356-44CA-A035-FDB3B943B139} = {2BFFEFC3-6356-44CA-A035-FDB3B943B139}
		{F9842558-95AA-4F3E-9C47-C46114BBD35D} = {F9842558-95AA-4F3E-9C47-C46114BBD35D}
		{6ABA1F74-F8A1-46D0-A1DA-F9B96F26F544} = {6ABA1F74-F8A1-46D0-A1DA-F9B96F26F544}
		{317835DC-05D5-4406-B128-071E22CD8E3F} = {317835DC-05D5-4406-B128-071E22CD8E3F}
		{99D0FF43-4DD1-457F-92D0-6FB8EBFE34D1} = {99D0FF43-4DD1-457F-92D0-6FB8EBFE34D1}
	EndProjectSection
EndProject
Project("{8BC9CEB8-8B4A-11D0-8D11-00A0C91BC942}") = "osgdb_osgearth_splat_mask", "splat_mask\osgdb_osgearth_splat_mask.vcxproj", "{5CDBDFB1-F01E-40B8-90FD-5748788A6A35}"
	ProjectSection(ProjectDependencies) = postProject
		{8B5082FA-1971-4357-8D06-1636EB944F37} = {8B5082FA-1971-4357-8D06-1636EB944F37}
		{2BFFEFC3-6356-44CA-A035-FDB3B943B139} = {2BFFEFC3-6356-44CA-A035-FDB3B943B139}
		{F9842558-95AA-4F3E-9C47-C46114BBD35D} = {F9842558-95AA-4F3E-9C47-C46114BBD35D}
		{6ABA1F74-F8A1-46D0-A1DA-F9B96F26F544} = {6ABA1F74-F8A1-46D0-A1DA-F9B96F26F544}
		{317835DC-05D5-4406-B128-071E22CD8E3F} = {317835DC-05D5-4406-B128-071E22CD8E3F}
		{99D0FF43-4DD1-457F-92D0-6FB8EBFE34D1} = {99D0FF43-4DD1-457F-92D0-6FB8EBFE34D1}
	EndProjectSection
EndProject
Project("{8BC9CEB8-8B4A-11D0-8D11-00A0C91BC942}") = "osgdb_osgearth_template_matclass", "template_matclass\osgdb_osgearth_template_matclass.vcxproj", "{44F4911F-24CC-4599-9D40-E8A2EA033C66}"
	ProjectSection(ProjectDependencies) = postProject
		{8B5082FA-1971-4357-8D06-1636EB944F37} = {8B5082FA-1971-4357-8D06-1636EB944F37}
		{2BFFEFC3-6356-44CA-A035-FDB3B943B139} = {2BFFEFC3-6356-44CA-A035-FDB3B943B139}
		{6ABA1F74-F8A1-46D0-A1DA-F9B96F26F544} = {6ABA1F74-F8A1-46D0-A1DA-F9B96F26F544}
		{317835DC-05D5-4406-B128-071E22CD8E3F} = {317835DC-05D5-4406-B128-071E22CD8E3F}
	EndProjectSection
EndProject
Project("{8BC9CEB8-8B4A-11D0-8D11-00A0C91BC942}") = "osgdb_osgearth_tilecache", "tilecache\osgdb_osgearth_tilecache.vcxproj", "{A75E4AD5-F2D6-4AA9-B425-FFF50B8B412C}"
	ProjectSection(ProjectDependencies) = postProject
		{8B5082FA-1971-4357-8D06-1636EB944F37} = {8B5082FA-1971-4357-8D06-1636EB944F37}
		{2BFFEFC3-6356-44CA-A035-FDB3B943B139} = {2BFFEFC3-6356-44CA-A035-FDB3B943B139}
	EndProjectSection
EndProject
Project("{8BC9CEB8-8B4A-11D0-8D11-00A0C91BC942}") = "osgdb_osgearth_tileindex", "tileindex\osgdb_osgearth_tileindex.vcxproj", "{790E5FAF-BED5-4BE4-BF48-3AF1206F53EE}"
	ProjectSection(ProjectDependencies) = postProject
		{8B5082FA-1971-4357-8D06-1636EB944F37} = {8B5082FA-1971-4357-8D06-1636EB944F37}
		{2BFFEFC3-6356-44CA-A035-FDB3B943B139} = {2BFFEFC3-6356-44CA-A035-FDB3B943B139}
		{F9842558-95AA-4F3E-9C47-C46114BBD35D} = {F9842558-95AA-4F3E-9C47-C46114BBD35D}
		{6ABA1F74-F8A1-46D0-A1DA-F9B96F26F544} = {6ABA1F74-F8A1-46D0-A1DA-F9B96F26F544}
		{317835DC-05D5-4406-B128-071E22CD8E3F} = {317835DC-05D5-4406-B128-071E22CD8E3F}
		{99D0FF43-4DD1-457F-92D0-6FB8EBFE34D1} = {99D0FF43-4DD1-457F-92D0-6FB8EBFE34D1}
	EndProjectSection
EndProject
Project("{8BC9CEB8-8B4A-11D0-8D11-00A0C91BC942}") = "osgdb_osgearth_tileservice", "tileservice\osgdb_osgearth_tileservice.vcxproj", "{6938FD40-D670-4792-9FAB-F00E5D5B865E}"
	ProjectSection(ProjectDependencies) = postProject
		{8B5082FA-1971-4357-8D06-1636EB944F37} = {8B5082FA-1971-4357-8D06-1636EB944F37}
		{2BFFEFC3-6356-44CA-A035-FDB3B943B139} = {2BFFEFC3-6356-44CA-A035-FDB3B943B139}
	EndProjectSection
EndProject
Project("{8BC9CEB8-8B4A-11D0-8D11-00A0C91BC942}") = "osgdb_osgearth_tms", "tms\osgdb_osgearth_tms.vcxproj", "{26EFE06C-4EAD-41DF-BA5F-EE6D75BC6A31}"
	ProjectSection(ProjectDependencies) = postProject
		{8B5082FA-1971-4357-8D06-1636EB944F37} = {8B5082FA-1971-4357-8D06-1636EB944F37}
		{2BFFEFC3-6356-44CA-A035-FDB3B943B139} = {2BFFEFC3-6356-44CA-A035-FDB3B943B139}
		{F9842558-95AA-4F3E-9C47-C46114BBD35D} = {F9842558-95AA-4F3E-9C47-C46114BBD35D}
		{6ABA1F74-F8A1-46D0-A1DA-F9B96F26F544} = {6ABA1F74-F8A1-46D0-A1DA-F9B96F26F544}
		{317835DC-05D5-4406-B128-071E22CD8E3F} = {317835DC-05D5-4406-B128-071E22CD8E3F}
		{99D0FF43-4DD1-457F-92D0-6FB8EBFE34D1} = {99D0FF43-4DD1-457F-92D0-6FB8EBFE34D1}
	EndProjectSection
EndProject
Project("{8BC9CEB8-8B4A-11D0-8D11-00A0C91BC942}") = "osgdb_osgearth_vdatum_egm2008", "vdatum_egm2008\osgdb_osgearth_vdatum_egm2008.vcxproj", "{762BAE6D-ACFE-47B4-B795-D7B4751C8579}"
	ProjectSection(ProjectDependencies) = postProject
		{8B5082FA-1971-4357-8D06-1636EB944F37} = {8B5082FA-1971-4357-8D06-1636EB944F37}
		{2BFFEFC3-6356-44CA-A035-FDB3B943B139} = {2BFFEFC3-6356-44CA-A035-FDB3B943B139}
	EndProjectSection
EndProject
Project("{8BC9CEB8-8B4A-11D0-8D11-00A0C91BC942}") = "osgdb_osgearth_vdatum_egm84", "vdatum_egm84\osgdb_osgearth_vdatum_egm84.vcxproj", "{7C1AFFF9-CD16-4C91-B55B-630BA7CCE9C8}"
	ProjectSection(ProjectDependencies) = postProject
		{8B5082FA-1971-4357-8D06-1636EB944F37} = {8B5082FA-1971-4357-8D06-1636EB944F37}
		{2BFFEFC3-6356-44CA-A035-FDB3B943B139} = {2BFFEFC3-6356-44CA-A035-FDB3B943B139}
	EndProjectSection
EndProject
Project("{8BC9CEB8-8B4A-11D0-8D11-00A0C91BC942}") = "osgdb_osgearth_vdatum_egm96", "vdatum_egm96\osgdb_osgearth_vdatum_egm96.vcxproj", "{34F0DA16-22D3-4CE1-B8C0-1168441BE781}"
	ProjectSection(ProjectDependencies) = postProject
		{8B5082FA-1971-4357-8D06-1636EB944F37} = {8B5082FA-1971-4357-8D06-1636EB944F37}
		{2BFFEFC3-6356-44CA-A035-FDB3B943B139} = {2BFFEFC3-6356-44CA-A035-FDB3B943B139}
	EndProjectSection
EndProject
Project("{8BC9CEB8-8B4A-11D0-8D11-00A0C91BC942}") = "osgdb_osgearth_vpb", "vpb\osgdb_osgearth_vpb.vcxproj", "{6AEA5E4D-64FA-44BD-A177-E9E441EF48D7}"
	ProjectSection(ProjectDependencies) = postProject
		{8B5082FA-1971-4357-8D06-1636EB944F37} = {8B5082FA-1971-4357-8D06-1636EB944F37}
		{2BFFEFC3-6356-44CA-A035-FDB3B943B139} = {2BFFEFC3-6356-44CA-A035-FDB3B943B139}
	EndProjectSection
EndProject
Project("{8BC9CEB8-8B4A-11D0-8D11-00A0C91BC942}") = "osgdb_osgearth_wcs", "wcs\osgdb_osgearth_wcs.vcxproj", "{0CA7A0B7-B2F5-4F80-B7CE-7C9D705E03F7}"
	ProjectSection(ProjectDependencies) = postProject
		{8B5082FA-1971-4357-8D06-1636EB944F37} = {8B5082FA-1971-4357-8D06-1636EB944F37}
		{2BFFEFC3-6356-44CA-A035-FDB3B943B139} = {2BFFEFC3-6356-44CA-A035-FDB3B943B139}
	EndProjectSection
EndProject
Project("{8BC9CEB8-8B4A-11D0-8D11-00A0C91BC942}") = "osgdb_osgearth_wms", "wms\osgdb_osgearth_wms.vcxproj", "{D9F1300D-8D73-4FFF-B3EA-C87B733AABE1}"
	ProjectSection(ProjectDependencies) = postProject
		{8B5082FA-1971-4357-8D06-1636EB944F37} = {8B5082FA-1971-4357-8D06-1636EB944F37}
		{2BFFEFC3-6356-44CA-A035-FDB3B943B139} = {2BFFEFC3-6356-44CA-A035-FDB3B943B139}
		{F9842558-95AA-4F3E-9C47-C46114BBD35D} = {F9842558-95AA-4F3E-9C47-C46114BBD35D}
		{6ABA1F74-F8A1-46D0-A1DA-F9B96F26F544} = {6ABA1F74-F8A1-46D0-A1DA-F9B96F26F544}
		{317835DC-05D5-4406-B128-071E22CD8E3F} = {317835DC-05D5-4406-B128-071E22CD8E3F}
		{99D0FF43-4DD1-457F-92D0-6FB8EBFE34D1} = {99D0FF43-4DD1-457F-92D0-6FB8EBFE34D1}
	EndProjectSection
EndProject
Project("{8BC9CEB8-8B4A-11D0-8D11-00A0C91BC942}") = "osgdb_osgearth_xyz", "xyz\osgdb_osgearth_xyz.vcxproj", "{14C2D9FA-221F-4891-AECA-0CA4459229DE}"
	ProjectSection(ProjectDependencies) = postProject
		{8B5082FA-1971-4357-8D06-1636EB944F37} = {8B5082FA-1971-4357-8D06-1636EB944F37}
		{2BFFEFC3-6356-44CA-A035-FDB3B943B139} = {2BFFEFC3-6356-44CA-A035-FDB3B943B139}
		{F9842558-95AA-4F3E-9C47-C46114BBD35D} = {F9842558-95AA-4F3E-9C47-C46114BBD35D}
		{6ABA1F74-F8A1-46D0-A1DA-F9B96F26F544} = {6ABA1F74-F8A1-46D0-A1DA-F9B96F26F544}
		{317835DC-05D5-4406-B128-071E22CD8E3F} = {317835DC-05D5-4406-B128-071E22CD8E3F}
		{99D0FF43-4DD1-457F-92D0-6FB8EBFE34D1} = {99D0FF43-4DD1-457F-92D0-6FB8EBFE34D1}
	EndProjectSection
EndProject
Project("{8BC9CEB8-8B4A-11D0-8D11-00A0C91BC942}") = "osgdb_osgearth_yahoo", "yahoo\osgdb_osgearth_yahoo.vcxproj", "{CF156E50-8EFC-40CE-9D40-4A50318293DF}"
	ProjectSection(ProjectDependencies) = postProject
		{8B5082FA-1971-4357-8D06-1636EB944F37} = {8B5082FA-1971-4357-8D06-1636EB944F37}
		{2BFFEFC3-6356-44CA-A035-FDB3B943B139} = {2BFFEFC3-6356-44CA-A035-FDB3B943B139}
	EndProjectSection
EndProject
Project("{2150E333-8FDC-42A3-9474-1A3956D46DE8}") = "CMake Targets", "CMake Targets", "{F5B9692B-27D8-4546-B553-2FCA9FF07218}"
EndProject
Project("{2150E333-8FDC-42A3-9474-1A3956D46DE8}") = "Libs", "Libs", "{4D6BEE19-3547-4248-875B-1816ECF756B8}"
EndProject
Project("{2150E333-8FDC-42A3-9474-1A3956D46DE8}") = "Plugins", "Plugins", "{874100E3-F9BA-44CF-905F-1D8B0C0EAC59}"
EndProject
Global
	GlobalSection(SolutionConfigurationPlatforms) = preSolution
		Debug|Win32 = Debug|Win32
		Release|Win32 = Release|Win32
		MinSizeRel|Win32 = MinSizeRel|Win32
		RelWithDebInfo|Win32 = RelWithDebInfo|Win32
	EndGlobalSection
	GlobalSection(ProjectConfigurationPlatforms) = postSolution
		{AE8077FB-D820-4A28-A8FF-EC93EC26BCA2}.Debug|Win32.ActiveCfg = Debug|Win32
		{AE8077FB-D820-4A28-A8FF-EC93EC26BCA2}.Debug|Win32.Build.0 = Debug|Win32
		{AE8077FB-D820-4A28-A8FF-EC93EC26BCA2}.Release|Win32.ActiveCfg = Release|Win32
		{AE8077FB-D820-4A28-A8FF-EC93EC26BCA2}.Release|Win32.Build.0 = Release|Win32
		{AE8077FB-D820-4A28-A8FF-EC93EC26BCA2}.MinSizeRel|Win32.ActiveCfg = MinSizeRel|Win32
		{AE8077FB-D820-4A28-A8FF-EC93EC26BCA2}.MinSizeRel|Win32.Build.0 = MinSizeRel|Win32
		{AE8077FB-D820-4A28-A8FF-EC93EC26BCA2}.RelWithDebInfo|Win32.ActiveCfg = RelWithDebInfo|Win32
		{AE8077FB-D820-4A28-A8FF-EC93EC26BCA2}.RelWithDebInfo|Win32.Build.0 = RelWithDebInfo|Win32
		{2E30816D-D41D-43A3-8262-963998D839B4}.Debug|Win32.ActiveCfg = Debug|Win32
		{2E30816D-D41D-43A3-8262-963998D839B4}.Release|Win32.ActiveCfg = Release|Win32
		{2E30816D-D41D-43A3-8262-963998D839B4}.MinSizeRel|Win32.ActiveCfg = MinSizeRel|Win32
		{2E30816D-D41D-43A3-8262-963998D839B4}.RelWithDebInfo|Win32.ActiveCfg = RelWithDebInfo|Win32
		{B0156ABD-03D1-4E46-AAC9-64084AF2664E}.Debug|Win32.ActiveCfg = Debug|Win32
		{B0156ABD-03D1-4E46-AAC9-64084AF2664E}.Release|Win32.ActiveCfg = Release|Win32
		{B0156ABD-03D1-4E46-AAC9-64084AF2664E}.MinSizeRel|Win32.ActiveCfg = MinSizeRel|Win32
		{B0156ABD-03D1-4E46-AAC9-64084AF2664E}.RelWithDebInfo|Win32.ActiveCfg = RelWithDebInfo|Win32
		{8B5082FA-1971-4357-8D06-1636EB944F37}.Debug|Win32.ActiveCfg = Debug|Win32
		{8B5082FA-1971-4357-8D06-1636EB944F37}.Debug|Win32.Build.0 = Debug|Win32
		{8B5082FA-1971-4357-8D06-1636EB944F37}.Release|Win32.ActiveCfg = Release|Win32
		{8B5082FA-1971-4357-8D06-1636EB944F37}.Release|Win32.Build.0 = Release|Win32
		{8B5082FA-1971-4357-8D06-1636EB944F37}.MinSizeRel|Win32.ActiveCfg = MinSizeRel|Win32
		{8B5082FA-1971-4357-8D06-1636EB944F37}.MinSizeRel|Win32.Build.0 = MinSizeRel|Win32
		{8B5082FA-1971-4357-8D06-1636EB944F37}.RelWithDebInfo|Win32.ActiveCfg = RelWithDebInfo|Win32
		{8B5082FA-1971-4357-8D06-1636EB944F37}.RelWithDebInfo|Win32.Build.0 = RelWithDebInfo|Win32
		{2BFFEFC3-6356-44CA-A035-FDB3B943B139}.Debug|Win32.ActiveCfg = Debug|Win32
		{2BFFEFC3-6356-44CA-A035-FDB3B943B139}.Debug|Win32.Build.0 = Debug|Win32
		{2BFFEFC3-6356-44CA-A035-FDB3B943B139}.Release|Win32.ActiveCfg = Release|Win32
		{2BFFEFC3-6356-44CA-A035-FDB3B943B139}.Release|Win32.Build.0 = Release|Win32
		{2BFFEFC3-6356-44CA-A035-FDB3B943B139}.MinSizeRel|Win32.ActiveCfg = MinSizeRel|Win32
		{2BFFEFC3-6356-44CA-A035-FDB3B943B139}.MinSizeRel|Win32.Build.0 = MinSizeRel|Win32
		{2BFFEFC3-6356-44CA-A035-FDB3B943B139}.RelWithDebInfo|Win32.ActiveCfg = RelWithDebInfo|Win32
		{2BFFEFC3-6356-44CA-A035-FDB3B943B139}.RelWithDebInfo|Win32.Build.0 = RelWithDebInfo|Win32
		{F9842558-95AA-4F3E-9C47-C46114BBD35D}.Debug|Win32.ActiveCfg = Debug|Win32
		{F9842558-95AA-4F3E-9C47-C46114BBD35D}.Debug|Win32.Build.0 = Debug|Win32
		{F9842558-95AA-4F3E-9C47-C46114BBD35D}.Release|Win32.ActiveCfg = Release|Win32
		{F9842558-95AA-4F3E-9C47-C46114BBD35D}.Release|Win32.Build.0 = Release|Win32
		{F9842558-95AA-4F3E-9C47-C46114BBD35D}.MinSizeRel|Win32.ActiveCfg = MinSizeRel|Win32
		{F9842558-95AA-4F3E-9C47-C46114BBD35D}.MinSizeRel|Win32.Build.0 = MinSizeRel|Win32
		{F9842558-95AA-4F3E-9C47-C46114BBD35D}.RelWithDebInfo|Win32.ActiveCfg = RelWithDebInfo|Win32
		{F9842558-95AA-4F3E-9C47-C46114BBD35D}.RelWithDebInfo|Win32.Build.0 = RelWithDebInfo|Win32
		{6ABA1F74-F8A1-46D0-A1DA-F9B96F26F544}.Debug|Win32.ActiveCfg = Debug|Win32
		{6ABA1F74-F8A1-46D0-A1DA-F9B96F26F544}.Debug|Win32.Build.0 = Debug|Win32
		{6ABA1F74-F8A1-46D0-A1DA-F9B96F26F544}.Release|Win32.ActiveCfg = Release|Win32
		{6ABA1F74-F8A1-46D0-A1DA-F9B96F26F544}.Release|Win32.Build.0 = Release|Win32
		{6ABA1F74-F8A1-46D0-A1DA-F9B96F26F544}.MinSizeRel|Win32.ActiveCfg = MinSizeRel|Win32
		{6ABA1F74-F8A1-46D0-A1DA-F9B96F26F544}.MinSizeRel|Win32.Build.0 = MinSizeRel|Win32
		{6ABA1F74-F8A1-46D0-A1DA-F9B96F26F544}.RelWithDebInfo|Win32.ActiveCfg = RelWithDebInfo|Win32
		{6ABA1F74-F8A1-46D0-A1DA-F9B96F26F544}.RelWithDebInfo|Win32.Build.0 = RelWithDebInfo|Win32
		{317835DC-05D5-4406-B128-071E22CD8E3F}.Debug|Win32.ActiveCfg = Debug|Win32
		{317835DC-05D5-4406-B128-071E22CD8E3F}.Debug|Win32.Build.0 = Debug|Win32
		{317835DC-05D5-4406-B128-071E22CD8E3F}.Release|Win32.ActiveCfg = Release|Win32
		{317835DC-05D5-4406-B128-071E22CD8E3F}.Release|Win32.Build.0 = Release|Win32
		{317835DC-05D5-4406-B128-071E22CD8E3F}.MinSizeRel|Win32.ActiveCfg = MinSizeRel|Win32
		{317835DC-05D5-4406-B128-071E22CD8E3F}.MinSizeRel|Win32.Build.0 = MinSizeRel|Win32
		{317835DC-05D5-4406-B128-071E22CD8E3F}.RelWithDebInfo|Win32.ActiveCfg = RelWithDebInfo|Win32
		{317835DC-05D5-4406-B128-071E22CD8E3F}.RelWithDebInfo|Win32.Build.0 = RelWithDebInfo|Win32
		{99D0FF43-4DD1-457F-92D0-6FB8EBFE34D1}.Debug|Win32.ActiveCfg = Debug|Win32
		{99D0FF43-4DD1-457F-92D0-6FB8EBFE34D1}.Debug|Win32.Build.0 = Debug|Win32
		{99D0FF43-4DD1-457F-92D0-6FB8EBFE34D1}.Release|Win32.ActiveCfg = Release|Win32
		{99D0FF43-4DD1-457F-92D0-6FB8EBFE34D1}.Release|Win32.Build.0 = Release|Win32
		{99D0FF43-4DD1-457F-92D0-6FB8EBFE34D1}.MinSizeRel|Win32.ActiveCfg = MinSizeRel|Win32
		{99D0FF43-4DD1-457F-92D0-6FB8EBFE34D1}.MinSizeRel|Win32.Build.0 = MinSizeRel|Win32
		{99D0FF43-4DD1-457F-92D0-6FB8EBFE34D1}.RelWithDebInfo|Win32.ActiveCfg = RelWithDebInfo|Win32
		{99D0FF43-4DD1-457F-92D0-6FB8EBFE34D1}.RelWithDebInfo|Win32.Build.0 = RelWithDebInfo|Win32
		{6F19B6C3-884D-4A91-BF96-D8A626B29867}.Debug|Win32.ActiveCfg = Debug|Win32
		{6F19B6C3-884D-4A91-BF96-D8A626B29867}.Debug|Win32.Build.0 = Debug|Win32
		{6F19B6C3-884D-4A91-BF96-D8A626B29867}.Release|Win32.ActiveCfg = Release|Win32
		{6F19B6C3-884D-4A91-BF96-D8A626B29867}.Release|Win32.Build.0 = Release|Win32
		{6F19B6C3-884D-4A91-BF96-D8A626B29867}.MinSizeRel|Win32.ActiveCfg = MinSizeRel|Win32
		{6F19B6C3-884D-4A91-BF96-D8A626B29867}.MinSizeRel|Win32.Build.0 = MinSizeRel|Win32
		{6F19B6C3-884D-4A91-BF96-D8A626B29867}.RelWithDebInfo|Win32.ActiveCfg = RelWithDebInfo|Win32
		{6F19B6C3-884D-4A91-BF96-D8A626B29867}.RelWithDebInfo|Win32.Build.0 = RelWithDebInfo|Win32
		{5E2CE19A-956F-4187-AB38-F5EE2A340E4F}.Debug|Win32.ActiveCfg = Debug|Win32
		{5E2CE19A-956F-4187-AB38-F5EE2A340E4F}.Debug|Win32.Build.0 = Debug|Win32
		{5E2CE19A-956F-4187-AB38-F5EE2A340E4F}.Release|Win32.ActiveCfg = Release|Win32
		{5E2CE19A-956F-4187-AB38-F5EE2A340E4F}.Release|Win32.Build.0 = Release|Win32
		{5E2CE19A-956F-4187-AB38-F5EE2A340E4F}.MinSizeRel|Win32.ActiveCfg = MinSizeRel|Win32
		{5E2CE19A-956F-4187-AB38-F5EE2A340E4F}.MinSizeRel|Win32.Build.0 = MinSizeRel|Win32
		{5E2CE19A-956F-4187-AB38-F5EE2A340E4F}.RelWithDebInfo|Win32.ActiveCfg = RelWithDebInfo|Win32
		{5E2CE19A-956F-4187-AB38-F5EE2A340E4F}.RelWithDebInfo|Win32.Build.0 = RelWithDebInfo|Win32
		{26B914A3-03F3-48B9-83F4-2A9168005FD5}.Debug|Win32.ActiveCfg = Debug|Win32
		{26B914A3-03F3-48B9-83F4-2A9168005FD5}.Debug|Win32.Build.0 = Debug|Win32
		{26B914A3-03F3-48B9-83F4-2A9168005FD5}.Release|Win32.ActiveCfg = Release|Win32
		{26B914A3-03F3-48B9-83F4-2A9168005FD5}.Release|Win32.Build.0 = Release|Win32
		{26B914A3-03F3-48B9-83F4-2A9168005FD5}.MinSizeRel|Win32.ActiveCfg = MinSizeRel|Win32
		{26B914A3-03F3-48B9-83F4-2A9168005FD5}.MinSizeRel|Win32.Build.0 = MinSizeRel|Win32
		{26B914A3-03F3-48B9-83F4-2A9168005FD5}.RelWithDebInfo|Win32.ActiveCfg = RelWithDebInfo|Win32
		{26B914A3-03F3-48B9-83F4-2A9168005FD5}.RelWithDebInfo|Win32.Build.0 = RelWithDebInfo|Win32
		{0DE72E4D-2C2E-4F68-A0F2-7B008060A2B9}.Debug|Win32.ActiveCfg = Debug|Win32
		{0DE72E4D-2C2E-4F68-A0F2-7B008060A2B9}.Debug|Win32.Build.0 = Debug|Win32
		{0DE72E4D-2C2E-4F68-A0F2-7B008060A2B9}.Release|Win32.ActiveCfg = Release|Win32
		{0DE72E4D-2C2E-4F68-A0F2-7B008060A2B9}.Release|Win32.Build.0 = Release|Win32
		{0DE72E4D-2C2E-4F68-A0F2-7B008060A2B9}.MinSizeRel|Win32.ActiveCfg = MinSizeRel|Win32
		{0DE72E4D-2C2E-4F68-A0F2-7B008060A2B9}.MinSizeRel|Win32.Build.0 = MinSizeRel|Win32
		{0DE72E4D-2C2E-4F68-A0F2-7B008060A2B9}.RelWithDebInfo|Win32.ActiveCfg = RelWithDebInfo|Win32
		{0DE72E4D-2C2E-4F68-A0F2-7B008060A2B9}.RelWithDebInfo|Win32.Build.0 = RelWithDebInfo|Win32
		{61FC68F1-C84B-41F6-813F-FCE7423A070A}.Debug|Win32.ActiveCfg = Debug|Win32
		{61FC68F1-C84B-41F6-813F-FCE7423A070A}.Debug|Win32.Build.0 = Debug|Win32
		{61FC68F1-C84B-41F6-813F-FCE7423A070A}.Release|Win32.ActiveCfg = Release|Win32
		{61FC68F1-C84B-41F6-813F-FCE7423A070A}.Release|Win32.Build.0 = Release|Win32
		{61FC68F1-C84B-41F6-813F-FCE7423A070A}.MinSizeRel|Win32.ActiveCfg = MinSizeRel|Win32
		{61FC68F1-C84B-41F6-813F-FCE7423A070A}.MinSizeRel|Win32.Build.0 = MinSizeRel|Win32
		{61FC68F1-C84B-41F6-813F-FCE7423A070A}.RelWithDebInfo|Win32.ActiveCfg = RelWithDebInfo|Win32
		{61FC68F1-C84B-41F6-813F-FCE7423A070A}.RelWithDebInfo|Win32.Build.0 = RelWithDebInfo|Win32
		{B0FE9B18-A079-4EFD-9DFD-F5EC99F7774A}.Debug|Win32.ActiveCfg = Debug|Win32
		{B0FE9B18-A079-4EFD-9DFD-F5EC99F7774A}.Debug|Win32.Build.0 = Debug|Win32
		{B0FE9B18-A079-4EFD-9DFD-F5EC99F7774A}.Release|Win32.ActiveCfg = Release|Win32
		{B0FE9B18-A079-4EFD-9DFD-F5EC99F7774A}.Release|Win32.Build.0 = Release|Win32
		{B0FE9B18-A079-4EFD-9DFD-F5EC99F7774A}.MinSizeRel|Win32.ActiveCfg = MinSizeRel|Win32
		{B0FE9B18-A079-4EFD-9DFD-F5EC99F7774A}.MinSizeRel|Win32.Build.0 = MinSizeRel|Win32
		{B0FE9B18-A079-4EFD-9DFD-F5EC99F7774A}.RelWithDebInfo|Win32.ActiveCfg = RelWithDebInfo|Win32
		{B0FE9B18-A079-4EFD-9DFD-F5EC99F7774A}.RelWithDebInfo|Win32.Build.0 = RelWithDebInfo|Win32
		{F36E7330-9BB1-4021-A116-E7AD5BEA23E4}.Debug|Win32.ActiveCfg = Debug|Win32
		{F36E7330-9BB1-4021-A116-E7AD5BEA23E4}.Debug|Win32.Build.0 = Debug|Win32
		{F36E7330-9BB1-4021-A116-E7AD5BEA23E4}.Release|Win32.ActiveCfg = Release|Win32
		{F36E7330-9BB1-4021-A116-E7AD5BEA23E4}.Release|Win32.Build.0 = Release|Win32
		{F36E7330-9BB1-4021-A116-E7AD5BEA23E4}.MinSizeRel|Win32.ActiveCfg = MinSizeRel|Win32
		{F36E7330-9BB1-4021-A116-E7AD5BEA23E4}.MinSizeRel|Win32.Build.0 = MinSizeRel|Win32
		{F36E7330-9BB1-4021-A116-E7AD5BEA23E4}.RelWithDebInfo|Win32.ActiveCfg = RelWithDebInfo|Win32
		{F36E7330-9BB1-4021-A116-E7AD5BEA23E4}.RelWithDebInfo|Win32.Build.0 = RelWithDebInfo|Win32
		{E9BFC866-6228-47DB-AB89-45B5D4738AFD}.Debug|Win32.ActiveCfg = Debug|Win32
		{E9BFC866-6228-47DB-AB89-45B5D4738AFD}.Debug|Win32.Build.0 = Debug|Win32
		{E9BFC866-6228-47DB-AB89-45B5D4738AFD}.Release|Win32.ActiveCfg = Release|Win32
		{E9BFC866-6228-47DB-AB89-45B5D4738AFD}.Release|Win32.Build.0 = Release|Win32
		{E9BFC866-6228-47DB-AB89-45B5D4738AFD}.MinSizeRel|Win32.ActiveCfg = MinSizeRel|Win32
		{E9BFC866-6228-47DB-AB89-45B5D4738AFD}.MinSizeRel|Win32.Build.0 = MinSizeRel|Win32
		{E9BFC866-6228-47DB-AB89-45B5D4738AFD}.RelWithDebInfo|Win32.ActiveCfg = RelWithDebInfo|Win32
		{E9BFC866-6228-47DB-AB89-45B5D4738AFD}.RelWithDebInfo|Win32.Build.0 = RelWithDebInfo|Win32
		{A6FE2ADC-26D8-42A4-B904-5140480FC6A9}.Debug|Win32.ActiveCfg = Debug|Win32
		{A6FE2ADC-26D8-42A4-B904-5140480FC6A9}.Debug|Win32.Build.0 = Debug|Win32
		{A6FE2ADC-26D8-42A4-B904-5140480FC6A9}.Release|Win32.ActiveCfg = Release|Win32
		{A6FE2ADC-26D8-42A4-B904-5140480FC6A9}.Release|Win32.Build.0 = Release|Win32
		{A6FE2ADC-26D8-42A4-B904-5140480FC6A9}.MinSizeRel|Win32.ActiveCfg = MinSizeRel|Win32
		{A6FE2ADC-26D8-42A4-B904-5140480FC6A9}.MinSizeRel|Win32.Build.0 = MinSizeRel|Win32
		{A6FE2ADC-26D8-42A4-B904-5140480FC6A9}.RelWithDebInfo|Win32.ActiveCfg = RelWithDebInfo|Win32
		{A6FE2ADC-26D8-42A4-B904-5140480FC6A9}.RelWithDebInfo|Win32.Build.0 = RelWithDebInfo|Win32
		{2BA993BD-152F-4247-B688-E18E038BED7C}.Debug|Win32.ActiveCfg = Debug|Win32
		{2BA993BD-152F-4247-B688-E18E038BED7C}.Debug|Win32.Build.0 = Debug|Win32
		{2BA993BD-152F-4247-B688-E18E038BED7C}.Release|Win32.ActiveCfg = Release|Win32
		{2BA993BD-152F-4247-B688-E18E038BED7C}.Release|Win32.Build.0 = Release|Win32
		{2BA993BD-152F-4247-B688-E18E038BED7C}.MinSizeRel|Win32.ActiveCfg = MinSizeRel|Win32
		{2BA993BD-152F-4247-B688-E18E038BED7C}.MinSizeRel|Win32.Build.0 = MinSizeRel|Win32
		{2BA993BD-152F-4247-B688-E18E038BED7C}.RelWithDebInfo|Win32.ActiveCfg = RelWithDebInfo|Win32
		{2BA993BD-152F-4247-B688-E18E038BED7C}.RelWithDebInfo|Win32.Build.0 = RelWithDebInfo|Win32
		{C1F7A638-6114-451A-B46E-C8EB9AAF9E5A}.Debug|Win32.ActiveCfg = Debug|Win32
		{C1F7A638-6114-451A-B46E-C8EB9AAF9E5A}.Debug|Win32.Build.0 = Debug|Win32
		{C1F7A638-6114-451A-B46E-C8EB9AAF9E5A}.Release|Win32.ActiveCfg = Release|Win32
		{C1F7A638-6114-451A-B46E-C8EB9AAF9E5A}.Release|Win32.Build.0 = Release|Win32
		{C1F7A638-6114-451A-B46E-C8EB9AAF9E5A}.MinSizeRel|Win32.ActiveCfg = MinSizeRel|Win32
		{C1F7A638-6114-451A-B46E-C8EB9AAF9E5A}.MinSizeRel|Win32.Build.0 = MinSizeRel|Win32
		{C1F7A638-6114-451A-B46E-C8EB9AAF9E5A}.RelWithDebInfo|Win32.ActiveCfg = RelWithDebInfo|Win32
		{C1F7A638-6114-451A-B46E-C8EB9AAF9E5A}.RelWithDebInfo|Win32.Build.0 = RelWithDebInfo|Win32
		{EC3B4D9F-FE30-429C-B5D7-648A109AD66C}.Debug|Win32.ActiveCfg = Debug|Win32
		{EC3B4D9F-FE30-429C-B5D7-648A109AD66C}.Debug|Win32.Build.0 = Debug|Win32
		{EC3B4D9F-FE30-429C-B5D7-648A109AD66C}.Release|Win32.ActiveCfg = Release|Win32
		{EC3B4D9F-FE30-429C-B5D7-648A109AD66C}.Release|Win32.Build.0 = Release|Win32
		{EC3B4D9F-FE30-429C-B5D7-648A109AD66C}.MinSizeRel|Win32.ActiveCfg = MinSizeRel|Win32
		{EC3B4D9F-FE30-429C-B5D7-648A109AD66C}.MinSizeRel|Win32.Build.0 = MinSizeRel|Win32
		{EC3B4D9F-FE30-429C-B5D7-648A109AD66C}.RelWithDebInfo|Win32.ActiveCfg = RelWithDebInfo|Win32
		{EC3B4D9F-FE30-429C-B5D7-648A109AD66C}.RelWithDebInfo|Win32.Build.0 = RelWithDebInfo|Win32
		{D6E76E25-B972-452A-BB1F-BA2CE6C65846}.Debug|Win32.ActiveCfg = Debug|Win32
		{D6E76E25-B972-452A-BB1F-BA2CE6C65846}.Debug|Win32.Build.0 = Debug|Win32
		{D6E76E25-B972-452A-BB1F-BA2CE6C65846}.Release|Win32.ActiveCfg = Release|Win32
		{D6E76E25-B972-452A-BB1F-BA2CE6C65846}.Release|Win32.Build.0 = Release|Win32
		{D6E76E25-B972-452A-BB1F-BA2CE6C65846}.MinSizeRel|Win32.ActiveCfg = MinSizeRel|Win32
		{D6E76E25-B972-452A-BB1F-BA2CE6C65846}.MinSizeRel|Win32.Build.0 = MinSizeRel|Win32
		{D6E76E25-B972-452A-BB1F-BA2CE6C65846}.RelWithDebInfo|Win32.ActiveCfg = RelWithDebInfo|Win32
		{D6E76E25-B972-452A-BB1F-BA2CE6C65846}.RelWithDebInfo|Win32.Build.0 = RelWithDebInfo|Win32
		{09681324-3102-4CD5-B8B0-680197D22801}.Debug|Win32.ActiveCfg = Debug|Win32
		{09681324-3102-4CD5-B8B0-680197D22801}.Debug|Win32.Build.0 = Debug|Win32
		{09681324-3102-4CD5-B8B0-680197D22801}.Release|Win32.ActiveCfg = Release|Win32
		{09681324-3102-4CD5-B8B0-680197D22801}.Release|Win32.Build.0 = Release|Win32
		{09681324-3102-4CD5-B8B0-680197D22801}.MinSizeRel|Win32.ActiveCfg = MinSizeRel|Win32
		{09681324-3102-4CD5-B8B0-680197D22801}.MinSizeRel|Win32.Build.0 = MinSizeRel|Win32
		{09681324-3102-4CD5-B8B0-680197D22801}.RelWithDebInfo|Win32.ActiveCfg = RelWithDebInfo|Win32
		{09681324-3102-4CD5-B8B0-680197D22801}.RelWithDebInfo|Win32.Build.0 = RelWithDebInfo|Win32
		{F46F2C60-9041-499B-A24D-2EEBA46CECCE}.Debug|Win32.ActiveCfg = Debug|Win32
		{F46F2C60-9041-499B-A24D-2EEBA46CECCE}.Debug|Win32.Build.0 = Debug|Win32
		{F46F2C60-9041-499B-A24D-2EEBA46CECCE}.Release|Win32.ActiveCfg = Release|Win32
		{F46F2C60-9041-499B-A24D-2EEBA46CECCE}.Release|Win32.Build.0 = Release|Win32
		{F46F2C60-9041-499B-A24D-2EEBA46CECCE}.MinSizeRel|Win32.ActiveCfg = MinSizeRel|Win32
		{F46F2C60-9041-499B-A24D-2EEBA46CECCE}.MinSizeRel|Win32.Build.0 = MinSizeRel|Win32
		{F46F2C60-9041-499B-A24D-2EEBA46CECCE}.RelWithDebInfo|Win32.ActiveCfg = RelWithDebInfo|Win32
		{F46F2C60-9041-499B-A24D-2EEBA46CECCE}.RelWithDebInfo|Win32.Build.0 = RelWithDebInfo|Win32
		{61780A97-53EF-4B11-BF97-5031B77CF287}.Debug|Win32.ActiveCfg = Debug|Win32
		{61780A97-53EF-4B11-BF97-5031B77CF287}.Debug|Win32.Build.0 = Debug|Win32
		{61780A97-53EF-4B11-BF97-5031B77CF287}.Release|Win32.ActiveCfg = Release|Win32
		{61780A97-53EF-4B11-BF97-5031B77CF287}.Release|Win32.Build.0 = Release|Win32
		{61780A97-53EF-4B11-BF97-5031B77CF287}.MinSizeRel|Win32.ActiveCfg = MinSizeRel|Win32
		{61780A97-53EF-4B11-BF97-5031B77CF287}.MinSizeRel|Win32.Build.0 = MinSizeRel|Win32
		{61780A97-53EF-4B11-BF97-5031B77CF287}.RelWithDebInfo|Win32.ActiveCfg = RelWithDebInfo|Win32
		{61780A97-53EF-4B11-BF97-5031B77CF287}.RelWithDebInfo|Win32.Build.0 = RelWithDebInfo|Win32
		{71732232-29E1-42CE-BA65-84B7A15F38BF}.Debug|Win32.ActiveCfg = Debug|Win32
		{71732232-29E1-42CE-BA65-84B7A15F38BF}.Debug|Win32.Build.0 = Debug|Win32
		{71732232-29E1-42CE-BA65-84B7A15F38BF}.Release|Win32.ActiveCfg = Release|Win32
		{71732232-29E1-42CE-BA65-84B7A15F38BF}.Release|Win32.Build.0 = Release|Win32
		{71732232-29E1-42CE-BA65-84B7A15F38BF}.MinSizeRel|Win32.ActiveCfg = MinSizeRel|Win32
		{71732232-29E1-42CE-BA65-84B7A15F38BF}.MinSizeRel|Win32.Build.0 = MinSizeRel|Win32
		{71732232-29E1-42CE-BA65-84B7A15F38BF}.RelWithDebInfo|Win32.ActiveCfg = RelWithDebInfo|Win32
		{71732232-29E1-42CE-BA65-84B7A15F38BF}.RelWithDebInfo|Win32.Build.0 = RelWithDebInfo|Win32
		{899A0977-0289-415C-9CCE-650B9115311D}.Debug|Win32.ActiveCfg = Debug|Win32
		{899A0977-0289-415C-9CCE-650B9115311D}.Debug|Win32.Build.0 = Debug|Win32
		{899A0977-0289-415C-9CCE-650B9115311D}.Release|Win32.ActiveCfg = Release|Win32
		{899A0977-0289-415C-9CCE-650B9115311D}.Release|Win32.Build.0 = Release|Win32
		{899A0977-0289-415C-9CCE-650B9115311D}.MinSizeRel|Win32.ActiveCfg = MinSizeRel|Win32
		{899A0977-0289-415C-9CCE-650B9115311D}.MinSizeRel|Win32.Build.0 = MinSizeRel|Win32
		{899A0977-0289-415C-9CCE-650B9115311D}.RelWithDebInfo|Win32.ActiveCfg = RelWithDebInfo|Win32
		{899A0977-0289-415C-9CCE-650B9115311D}.RelWithDebInfo|Win32.Build.0 = RelWithDebInfo|Win32
		{62DCE4CE-373F-490B-A2B0-B2F9860845E3}.Debug|Win32.ActiveCfg = Debug|Win32
		{62DCE4CE-373F-490B-A2B0-B2F9860845E3}.Debug|Win32.Build.0 = Debug|Win32
		{62DCE4CE-373F-490B-A2B0-B2F9860845E3}.Release|Win32.ActiveCfg = Release|Win32
		{62DCE4CE-373F-490B-A2B0-B2F9860845E3}.Release|Win32.Build.0 = Release|Win32
		{62DCE4CE-373F-490B-A2B0-B2F9860845E3}.MinSizeRel|Win32.ActiveCfg = MinSizeRel|Win32
		{62DCE4CE-373F-490B-A2B0-B2F9860845E3}.MinSizeRel|Win32.Build.0 = MinSizeRel|Win32
		{62DCE4CE-373F-490B-A2B0-B2F9860845E3}.RelWithDebInfo|Win32.ActiveCfg = RelWithDebInfo|Win32
		{62DCE4CE-373F-490B-A2B0-B2F9860845E3}.RelWithDebInfo|Win32.Build.0 = RelWithDebInfo|Win32
		{3B5F89D7-3F2B-469F-86BB-C0681700E9B2}.Debug|Win32.ActiveCfg = Debug|Win32
		{3B5F89D7-3F2B-469F-86BB-C0681700E9B2}.Debug|Win32.Build.0 = Debug|Win32
		{3B5F89D7-3F2B-469F-86BB-C0681700E9B2}.Release|Win32.ActiveCfg = Release|Win32
		{3B5F89D7-3F2B-469F-86BB-C0681700E9B2}.Release|Win32.Build.0 = Release|Win32
		{3B5F89D7-3F2B-469F-86BB-C0681700E9B2}.MinSizeRel|Win32.ActiveCfg = MinSizeRel|Win32
		{3B5F89D7-3F2B-469F-86BB-C0681700E9B2}.MinSizeRel|Win32.Build.0 = MinSizeRel|Win32
		{3B5F89D7-3F2B-469F-86BB-C0681700E9B2}.RelWithDebInfo|Win32.ActiveCfg = RelWithDebInfo|Win32
		{3B5F89D7-3F2B-469F-86BB-C0681700E9B2}.RelWithDebInfo|Win32.Build.0 = RelWithDebInfo|Win32
		{CE7B109E-AA7B-4C39-8FB3-F103F3CCAEAD}.Debug|Win32.ActiveCfg = Debug|Win32
		{CE7B109E-AA7B-4C39-8FB3-F103F3CCAEAD}.Debug|Win32.Build.0 = Debug|Win32
		{CE7B109E-AA7B-4C39-8FB3-F103F3CCAEAD}.Release|Win32.ActiveCfg = Release|Win32
		{CE7B109E-AA7B-4C39-8FB3-F103F3CCAEAD}.Release|Win32.Build.0 = Release|Win32
		{CE7B109E-AA7B-4C39-8FB3-F103F3CCAEAD}.MinSizeRel|Win32.ActiveCfg = MinSizeRel|Win32
		{CE7B109E-AA7B-4C39-8FB3-F103F3CCAEAD}.MinSizeRel|Win32.Build.0 = MinSizeRel|Win32
		{CE7B109E-AA7B-4C39-8FB3-F103F3CCAEAD}.RelWithDebInfo|Win32.ActiveCfg = RelWithDebInfo|Win32
		{CE7B109E-AA7B-4C39-8FB3-F103F3CCAEAD}.RelWithDebInfo|Win32.Build.0 = RelWithDebInfo|Win32
		{AF5937C2-4811-434A-8778-BE80DC3DB06C}.Debug|Win32.ActiveCfg = Debug|Win32
		{AF5937C2-4811-434A-8778-BE80DC3DB06C}.Debug|Win32.Build.0 = Debug|Win32
		{AF5937C2-4811-434A-8778-BE80DC3DB06C}.Release|Win32.ActiveCfg = Release|Win32
		{AF5937C2-4811-434A-8778-BE80DC3DB06C}.Release|Win32.Build.0 = Release|Win32
		{AF5937C2-4811-434A-8778-BE80DC3DB06C}.MinSizeRel|Win32.ActiveCfg = MinSizeRel|Win32
		{AF5937C2-4811-434A-8778-BE80DC3DB06C}.MinSizeRel|Win32.Build.0 = MinSizeRel|Win32
		{AF5937C2-4811-434A-8778-BE80DC3DB06C}.RelWithDebInfo|Win32.ActiveCfg = RelWithDebInfo|Win32
		{AF5937C2-4811-434A-8778-BE80DC3DB06C}.RelWithDebInfo|Win32.Build.0 = RelWithDebInfo|Win32
		{DBB72A23-71F2-4AD0-AB01-9EDADE40BB75}.Debug|Win32.ActiveCfg = Debug|Win32
		{DBB72A23-71F2-4AD0-AB01-9EDADE40BB75}.Debug|Win32.Build.0 = Debug|Win32
		{DBB72A23-71F2-4AD0-AB01-9EDADE40BB75}.Release|Win32.ActiveCfg = Release|Win32
		{DBB72A23-71F2-4AD0-AB01-9EDADE40BB75}.Release|Win32.Build.0 = Release|Win32
		{DBB72A23-71F2-4AD0-AB01-9EDADE40BB75}.MinSizeRel|Win32.ActiveCfg = MinSizeRel|Win32
		{DBB72A23-71F2-4AD0-AB01-9EDADE40BB75}.MinSizeRel|Win32.Build.0 = MinSizeRel|Win32
		{DBB72A23-71F2-4AD0-AB01-9EDADE40BB75}.RelWithDebInfo|Win32.ActiveCfg = RelWithDebInfo|Win32
		{DBB72A23-71F2-4AD0-AB01-9EDADE40BB75}.RelWithDebInfo|Win32.Build.0 = RelWithDebInfo|Win32
		{70097CE4-7D2C-4C8A-A68C-658EDA9EF069}.Debug|Win32.ActiveCfg = Debug|Win32
		{70097CE4-7D2C-4C8A-A68C-658EDA9EF069}.Debug|Win32.Build.0 = Debug|Win32
		{70097CE4-7D2C-4C8A-A68C-658EDA9EF069}.Release|Win32.ActiveCfg = Release|Win32
		{70097CE4-7D2C-4C8A-A68C-658EDA9EF069}.Release|Win32.Build.0 = Release|Win32
		{70097CE4-7D2C-4C8A-A68C-658EDA9EF069}.MinSizeRel|Win32.ActiveCfg = MinSizeRel|Win32
		{70097CE4-7D2C-4C8A-A68C-658EDA9EF069}.MinSizeRel|Win32.Build.0 = MinSizeRel|Win32
		{70097CE4-7D2C-4C8A-A68C-658EDA9EF069}.RelWithDebInfo|Win32.ActiveCfg = RelWithDebInfo|Win32
		{70097CE4-7D2C-4C8A-A68C-658EDA9EF069}.RelWithDebInfo|Win32.Build.0 = RelWithDebInfo|Win32
		{C568E754-B095-4F77-A1EA-DDC58312C8F0}.Debug|Win32.ActiveCfg = Debug|Win32
		{C568E754-B095-4F77-A1EA-DDC58312C8F0}.Debug|Win32.Build.0 = Debug|Win32
		{C568E754-B095-4F77-A1EA-DDC58312C8F0}.Release|Win32.ActiveCfg = Release|Win32
		{C568E754-B095-4F77-A1EA-DDC58312C8F0}.Release|Win32.Build.0 = Release|Win32
		{C568E754-B095-4F77-A1EA-DDC58312C8F0}.MinSizeRel|Win32.ActiveCfg = MinSizeRel|Win32
		{C568E754-B095-4F77-A1EA-DDC58312C8F0}.MinSizeRel|Win32.Build.0 = MinSizeRel|Win32
		{C568E754-B095-4F77-A1EA-DDC58312C8F0}.RelWithDebInfo|Win32.ActiveCfg = RelWithDebInfo|Win32
		{C568E754-B095-4F77-A1EA-DDC58312C8F0}.RelWithDebInfo|Win32.Build.0 = RelWithDebInfo|Win32
		{F32A9266-AC4C-4B3C-B352-E820E5C3137F}.Debug|Win32.ActiveCfg = Debug|Win32
		{F32A9266-AC4C-4B3C-B352-E820E5C3137F}.Debug|Win32.Build.0 = Debug|Win32
		{F32A9266-AC4C-4B3C-B352-E820E5C3137F}.Release|Win32.ActiveCfg = Release|Win32
		{F32A9266-AC4C-4B3C-B352-E820E5C3137F}.Release|Win32.Build.0 = Release|Win32
		{F32A9266-AC4C-4B3C-B352-E820E5C3137F}.MinSizeRel|Win32.ActiveCfg = MinSizeRel|Win32
		{F32A9266-AC4C-4B3C-B352-E820E5C3137F}.MinSizeRel|Win32.Build.0 = MinSizeRel|Win32
		{F32A9266-AC4C-4B3C-B352-E820E5C3137F}.RelWithDebInfo|Win32.ActiveCfg = RelWithDebInfo|Win32
		{F32A9266-AC4C-4B3C-B352-E820E5C3137F}.RelWithDebInfo|Win32.Build.0 = RelWithDebInfo|Win32
		{B69CA2EB-954A-4789-B775-7426F8A428EF}.Debug|Win32.ActiveCfg = Debug|Win32
		{B69CA2EB-954A-4789-B775-7426F8A428EF}.Debug|Win32.Build.0 = Debug|Win32
		{B69CA2EB-954A-4789-B775-7426F8A428EF}.Release|Win32.ActiveCfg = Release|Win32
		{B69CA2EB-954A-4789-B775-7426F8A428EF}.Release|Win32.Build.0 = Release|Win32
		{B69CA2EB-954A-4789-B775-7426F8A428EF}.MinSizeRel|Win32.ActiveCfg = MinSizeRel|Win32
		{B69CA2EB-954A-4789-B775-7426F8A428EF}.MinSizeRel|Win32.Build.0 = MinSizeRel|Win32
		{B69CA2EB-954A-4789-B775-7426F8A428EF}.RelWithDebInfo|Win32.ActiveCfg = RelWithDebInfo|Win32
		{B69CA2EB-954A-4789-B775-7426F8A428EF}.RelWithDebInfo|Win32.Build.0 = RelWithDebInfo|Win32
		{DA374479-2C85-493A-887C-0F33A2DEE7F4}.Debug|Win32.ActiveCfg = Debug|Win32
		{DA374479-2C85-493A-887C-0F33A2DEE7F4}.Debug|Win32.Build.0 = Debug|Win32
		{DA374479-2C85-493A-887C-0F33A2DEE7F4}.Release|Win32.ActiveCfg = Release|Win32
		{DA374479-2C85-493A-887C-0F33A2DEE7F4}.Release|Win32.Build.0 = Release|Win32
		{DA374479-2C85-493A-887C-0F33A2DEE7F4}.MinSizeRel|Win32.ActiveCfg = MinSizeRel|Win32
		{DA374479-2C85-493A-887C-0F33A2DEE7F4}.MinSizeRel|Win32.Build.0 = MinSizeRel|Win32
		{DA374479-2C85-493A-887C-0F33A2DEE7F4}.RelWithDebInfo|Win32.ActiveCfg = RelWithDebInfo|Win32
		{DA374479-2C85-493A-887C-0F33A2DEE7F4}.RelWithDebInfo|Win32.Build.0 = RelWithDebInfo|Win32
		{FE2FAC50-4232-4539-B5B3-A113A2CF1BFE}.Debug|Win32.ActiveCfg = Debug|Win32
		{FE2FAC50-4232-4539-B5B3-A113A2CF1BFE}.Debug|Win32.Build.0 = Debug|Win32
		{FE2FAC50-4232-4539-B5B3-A113A2CF1BFE}.Release|Win32.ActiveCfg = Release|Win32
		{FE2FAC50-4232-4539-B5B3-A113A2CF1BFE}.Release|Win32.Build.0 = Release|Win32
		{FE2FAC50-4232-4539-B5B3-A113A2CF1BFE}.MinSizeRel|Win32.ActiveCfg = MinSizeRel|Win32
		{FE2FAC50-4232-4539-B5B3-A113A2CF1BFE}.MinSizeRel|Win32.Build.0 = MinSizeRel|Win32
		{FE2FAC50-4232-4539-B5B3-A113A2CF1BFE}.RelWithDebInfo|Win32.ActiveCfg = RelWithDebInfo|Win32
		{FE2FAC50-4232-4539-B5B3-A113A2CF1BFE}.RelWithDebInfo|Win32.Build.0 = RelWithDebInfo|Win32
		{919A7E72-D107-433B-B361-51F20505C142}.Debug|Win32.ActiveCfg = Debug|Win32
		{919A7E72-D107-433B-B361-51F20505C142}.Debug|Win32.Build.0 = Debug|Win32
		{919A7E72-D107-433B-B361-51F20505C142}.Release|Win32.ActiveCfg = Release|Win32
		{919A7E72-D107-433B-B361-51F20505C142}.Release|Win32.Build.0 = Release|Win32
		{919A7E72-D107-433B-B361-51F20505C142}.MinSizeRel|Win32.ActiveCfg = MinSizeRel|Win32
		{919A7E72-D107-433B-B361-51F20505C142}.MinSizeRel|Win32.Build.0 = MinSizeRel|Win32
		{919A7E72-D107-433B-B361-51F20505C142}.RelWithDebInfo|Win32.ActiveCfg = RelWithDebInfo|Win32
		{919A7E72-D107-433B-B361-51F20505C142}.RelWithDebInfo|Win32.Build.0 = RelWithDebInfo|Win32
		{5CDBDFB1-F01E-40B8-90FD-5748788A6A35}.Debug|Win32.ActiveCfg = Debug|Win32
		{5CDBDFB1-F01E-40B8-90FD-5748788A6A35}.Debug|Win32.Build.0 = Debug|Win32
		{5CDBDFB1-F01E-40B8-90FD-5748788A6A35}.Release|Win32.ActiveCfg = Release|Win32
		{5CDBDFB1-F01E-40B8-90FD-5748788A6A35}.Release|Win32.Build.0 = Release|Win32
		{5CDBDFB1-F01E-40B8-90FD-5748788A6A35}.MinSizeRel|Win32.ActiveCfg = MinSizeRel|Win32
		{5CDBDFB1-F01E-40B8-90FD-5748788A6A35}.MinSizeRel|Win32.Build.0 = MinSizeRel|Win32
		{5CDBDFB1-F01E-40B8-90FD-5748788A6A35}.RelWithDebInfo|Win32.ActiveCfg = RelWithDebInfo|Win32
		{5CDBDFB1-F01E-40B8-90FD-5748788A6A35}.RelWithDebInfo|Win32.Build.0 = RelWithDebInfo|Win32
		{44F4911F-24CC-4599-9D40-E8A2EA033C66}.Debug|Win32.ActiveCfg = Debug|Win32
		{44F4911F-24CC-4599-9D40-E8A2EA033C66}.Debug|Win32.Build.0 = Debug|Win32
		{44F4911F-24CC-4599-9D40-E8A2EA033C66}.Release|Win32.ActiveCfg = Release|Win32
		{44F4911F-24CC-4599-9D40-E8A2EA033C66}.Release|Win32.Build.0 = Release|Win32
		{44F4911F-24CC-4599-9D40-E8A2EA033C66}.MinSizeRel|Win32.ActiveCfg = MinSizeRel|Win32
		{44F4911F-24CC-4599-9D40-E8A2EA033C66}.MinSizeRel|Win32.Build.0 = MinSizeRel|Win32
		{44F4911F-24CC-4599-9D40-E8A2EA033C66}.RelWithDebInfo|Win32.ActiveCfg = RelWithDebInfo|Win32
		{44F4911F-24CC-4599-9D40-E8A2EA033C66}.RelWithDebInfo|Win32.Build.0 = RelWithDebInfo|Win32
		{A75E4AD5-F2D6-4AA9-B425-FFF50B8B412C}.Debug|Win32.ActiveCfg = Debug|Win32
		{A75E4AD5-F2D6-4AA9-B425-FFF50B8B412C}.Debug|Win32.Build.0 = Debug|Win32
		{A75E4AD5-F2D6-4AA9-B425-FFF50B8B412C}.Release|Win32.ActiveCfg = Release|Win32
		{A75E4AD5-F2D6-4AA9-B425-FFF50B8B412C}.Release|Win32.Build.0 = Release|Win32
		{A75E4AD5-F2D6-4AA9-B425-FFF50B8B412C}.MinSizeRel|Win32.ActiveCfg = MinSizeRel|Win32
		{A75E4AD5-F2D6-4AA9-B425-FFF50B8B412C}.MinSizeRel|Win32.Build.0 = MinSizeRel|Win32
		{A75E4AD5-F2D6-4AA9-B425-FFF50B8B412C}.RelWithDebInfo|Win32.ActiveCfg = RelWithDebInfo|Win32
		{A75E4AD5-F2D6-4AA9-B425-FFF50B8B412C}.RelWithDebInfo|Win32.Build.0 = RelWithDebInfo|Win32
		{790E5FAF-BED5-4BE4-BF48-3AF1206F53EE}.Debug|Win32.ActiveCfg = Debug|Win32
		{790E5FAF-BED5-4BE4-BF48-3AF1206F53EE}.Debug|Win32.Build.0 = Debug|Win32
		{790E5FAF-BED5-4BE4-BF48-3AF1206F53EE}.Release|Win32.ActiveCfg = Release|Win32
		{790E5FAF-BED5-4BE4-BF48-3AF1206F53EE}.Release|Win32.Build.0 = Release|Win32
		{790E5FAF-BED5-4BE4-BF48-3AF1206F53EE}.MinSizeRel|Win32.ActiveCfg = MinSizeRel|Win32
		{790E5FAF-BED5-4BE4-BF48-3AF1206F53EE}.MinSizeRel|Win32.Build.0 = MinSizeRel|Win32
		{790E5FAF-BED5-4BE4-BF48-3AF1206F53EE}.RelWithDebInfo|Win32.ActiveCfg = RelWithDebInfo|Win32
		{790E5FAF-BED5-4BE4-BF48-3AF1206F53EE}.RelWithDebInfo|Win32.Build.0 = RelWithDebInfo|Win32
		{6938FD40-D670-4792-9FAB-F00E5D5B865E}.Debug|Win32.ActiveCfg = Debug|Win32
		{6938FD40-D670-4792-9FAB-F00E5D5B865E}.Debug|Win32.Build.0 = Debug|Win32
		{6938FD40-D670-4792-9FAB-F00E5D5B865E}.Release|Win32.ActiveCfg = Release|Win32
		{6938FD40-D670-4792-9FAB-F00E5D5B865E}.Release|Win32.Build.0 = Release|Win32
		{6938FD40-D670-4792-9FAB-F00E5D5B865E}.MinSizeRel|Win32.ActiveCfg = MinSizeRel|Win32
		{6938FD40-D670-4792-9FAB-F00E5D5B865E}.MinSizeRel|Win32.Build.0 = MinSizeRel|Win32
		{6938FD40-D670-4792-9FAB-F00E5D5B865E}.RelWithDebInfo|Win32.ActiveCfg = RelWithDebInfo|Win32
		{6938FD40-D670-4792-9FAB-F00E5D5B865E}.RelWithDebInfo|Win32.Build.0 = RelWithDebInfo|Win32
		{26EFE06C-4EAD-41DF-BA5F-EE6D75BC6A31}.Debug|Win32.ActiveCfg = Debug|Win32
		{26EFE06C-4EAD-41DF-BA5F-EE6D75BC6A31}.Debug|Win32.Build.0 = Debug|Win32
		{26EFE06C-4EAD-41DF-BA5F-EE6D75BC6A31}.Release|Win32.ActiveCfg = Release|Win32
		{26EFE06C-4EAD-41DF-BA5F-EE6D75BC6A31}.Release|Win32.Build.0 = Release|Win32
		{26EFE06C-4EAD-41DF-BA5F-EE6D75BC6A31}.MinSizeRel|Win32.ActiveCfg = MinSizeRel|Win32
		{26EFE06C-4EAD-41DF-BA5F-EE6D75BC6A31}.MinSizeRel|Win32.Build.0 = MinSizeRel|Win32
		{26EFE06C-4EAD-41DF-BA5F-EE6D75BC6A31}.RelWithDebInfo|Win32.ActiveCfg = RelWithDebInfo|Win32
		{26EFE06C-4EAD-41DF-BA5F-EE6D75BC6A31}.RelWithDebInfo|Win32.Build.0 = RelWithDebInfo|Win32
		{762BAE6D-ACFE-47B4-B795-D7B4751C8579}.Debug|Win32.ActiveCfg = Debug|Win32
		{762BAE6D-ACFE-47B4-B795-D7B4751C8579}.Debug|Win32.Build.0 = Debug|Win32
		{762BAE6D-ACFE-47B4-B795-D7B4751C8579}.Release|Win32.ActiveCfg = Release|Win32
		{762BAE6D-ACFE-47B4-B795-D7B4751C8579}.Release|Win32.Build.0 = Release|Win32
		{762BAE6D-ACFE-47B4-B795-D7B4751C8579}.MinSizeRel|Win32.ActiveCfg = MinSizeRel|Win32
		{762BAE6D-ACFE-47B4-B795-D7B4751C8579}.MinSizeRel|Win32.Build.0 = MinSizeRel|Win32
		{762BAE6D-ACFE-47B4-B795-D7B4751C8579}.RelWithDebInfo|Win32.ActiveCfg = RelWithDebInfo|Win32
		{762BAE6D-ACFE-47B4-B795-D7B4751C8579}.RelWithDebInfo|Win32.Build.0 = RelWithDebInfo|Win32
		{7C1AFFF9-CD16-4C91-B55B-630BA7CCE9C8}.Debug|Win32.ActiveCfg = Debug|Win32
		{7C1AFFF9-CD16-4C91-B55B-630BA7CCE9C8}.Debug|Win32.Build.0 = Debug|Win32
		{7C1AFFF9-CD16-4C91-B55B-630BA7CCE9C8}.Release|Win32.ActiveCfg = Release|Win32
		{7C1AFFF9-CD16-4C91-B55B-630BA7CCE9C8}.Release|Win32.Build.0 = Release|Win32
		{7C1AFFF9-CD16-4C91-B55B-630BA7CCE9C8}.MinSizeRel|Win32.ActiveCfg = MinSizeRel|Win32
		{7C1AFFF9-CD16-4C91-B55B-630BA7CCE9C8}.MinSizeRel|Win32.Build.0 = MinSizeRel|Win32
		{7C1AFFF9-CD16-4C91-B55B-630BA7CCE9C8}.RelWithDebInfo|Win32.ActiveCfg = RelWithDebInfo|Win32
		{7C1AFFF9-CD16-4C91-B55B-630BA7CCE9C8}.RelWithDebInfo|Win32.Build.0 = RelWithDebInfo|Win32
		{34F0DA16-22D3-4CE1-B8C0-1168441BE781}.Debug|Win32.ActiveCfg = Debug|Win32
		{34F0DA16-22D3-4CE1-B8C0-1168441BE781}.Debug|Win32.Build.0 = Debug|Win32
		{34F0DA16-22D3-4CE1-B8C0-1168441BE781}.Release|Win32.ActiveCfg = Release|Win32
		{34F0DA16-22D3-4CE1-B8C0-1168441BE781}.Release|Win32.Build.0 = Release|Win32
		{34F0DA16-22D3-4CE1-B8C0-1168441BE781}.MinSizeRel|Win32.ActiveCfg = MinSizeRel|Win32
		{34F0DA16-22D3-4CE1-B8C0-1168441BE781}.MinSizeRel|Win32.Build.0 = MinSizeRel|Win32
		{34F0DA16-22D3-4CE1-B8C0-1168441BE781}.RelWithDebInfo|Win32.ActiveCfg = RelWithDebInfo|Win32
		{34F0DA16-22D3-4CE1-B8C0-1168441BE781}.RelWithDebInfo|Win32.Build.0 = RelWithDebInfo|Win32
		{6AEA5E4D-64FA-44BD-A177-E9E441EF48D7}.Debug|Win32.ActiveCfg = Debug|Win32
		{6AEA5E4D-64FA-44BD-A177-E9E441EF48D7}.Debug|Win32.Build.0 = Debug|Win32
		{6AEA5E4D-64FA-44BD-A177-E9E441EF48D7}.Release|Win32.ActiveCfg = Release|Win32
		{6AEA5E4D-64FA-44BD-A177-E9E441EF48D7}.Release|Win32.Build.0 = Release|Win32
		{6AEA5E4D-64FA-44BD-A177-E9E441EF48D7}.MinSizeRel|Win32.ActiveCfg = MinSizeRel|Win32
		{6AEA5E4D-64FA-44BD-A177-E9E441EF48D7}.MinSizeRel|Win32.Build.0 = MinSizeRel|Win32
		{6AEA5E4D-64FA-44BD-A177-E9E441EF48D7}.RelWithDebInfo|Win32.ActiveCfg = RelWithDebInfo|Win32
		{6AEA5E4D-64FA-44BD-A177-E9E441EF48D7}.RelWithDebInfo|Win32.Build.0 = RelWithDebInfo|Win32
		{0CA7A0B7-B2F5-4F80-B7CE-7C9D705E03F7}.Debug|Win32.ActiveCfg = Debug|Win32
		{0CA7A0B7-B2F5-4F80-B7CE-7C9D705E03F7}.Debug|Win32.Build.0 = Debug|Win32
		{0CA7A0B7-B2F5-4F80-B7CE-7C9D705E03F7}.Release|Win32.ActiveCfg = Release|Win32
		{0CA7A0B7-B2F5-4F80-B7CE-7C9D705E03F7}.Release|Win32.Build.0 = Release|Win32
		{0CA7A0B7-B2F5-4F80-B7CE-7C9D705E03F7}.MinSizeRel|Win32.ActiveCfg = MinSizeRel|Win32
		{0CA7A0B7-B2F5-4F80-B7CE-7C9D705E03F7}.MinSizeRel|Win32.Build.0 = MinSizeRel|Win32
		{0CA7A0B7-B2F5-4F80-B7CE-7C9D705E03F7}.RelWithDebInfo|Win32.ActiveCfg = RelWithDebInfo|Win32
		{0CA7A0B7-B2F5-4F80-B7CE-7C9D705E03F7}.RelWithDebInfo|Win32.Build.0 = RelWithDebInfo|Win32
		{D9F1300D-8D73-4FFF-B3EA-C87B733AABE1}.Debug|Win32.ActiveCfg = Debug|Win32
		{D9F1300D-8D73-4FFF-B3EA-C87B733AABE1}.Debug|Win32.Build.0 = Debug|Win32
		{D9F1300D-8D73-4FFF-B3EA-C87B733AABE1}.Release|Win32.ActiveCfg = Release|Win32
		{D9F1300D-8D73-4FFF-B3EA-C87B733AABE1}.Release|Win32.Build.0 = Release|Win32
		{D9F1300D-8D73-4FFF-B3EA-C87B733AABE1}.MinSizeRel|Win32.ActiveCfg = MinSizeRel|Win32
		{D9F1300D-8D73-4FFF-B3EA-C87B733AABE1}.MinSizeRel|Win32.Build.0 = MinSizeRel|Win32
		{D9F1300D-8D73-4FFF-B3EA-C87B733AABE1}.RelWithDebInfo|Win32.ActiveCfg = RelWithDebInfo|Win32
		{D9F1300D-8D73-4FFF-B3EA-C87B733AABE1}.RelWithDebInfo|Win32.Build.0 = RelWithDebInfo|Win32
		{14C2D9FA-221F-4891-AECA-0CA4459229DE}.Debug|Win32.ActiveCfg = Debug|Win32
		{14C2D9FA-221F-4891-AECA-0CA4459229DE}.Debug|Win32.Build.0 = Debug|Win32
		{14C2D9FA-221F-4891-AECA-0CA4459229DE}.Release|Win32.ActiveCfg = Release|Win32
		{14C2D9FA-221F-4891-AECA-0CA4459229DE}.Release|Win32.Build.0 = Release|Win32
		{14C2D9FA-221F-4891-AECA-0CA4459229DE}.MinSizeRel|Win32.ActiveCfg = MinSizeRel|Win32
		{14C2D9FA-221F-4891-AECA-0CA4459229DE}.MinSizeRel|Win32.Build.0 = MinSizeRel|Win32
		{14C2D9FA-221F-4891-AECA-0CA4459229DE}.RelWithDebInfo|Win32.ActiveCfg = RelWithDebInfo|Win32
		{14C2D9FA-221F-4891-AECA-0CA4459229DE}.RelWithDebInfo|Win32.Build.0 = RelWithDebInfo|Win32
		{CF156E50-8EFC-40CE-9D40-4A50318293DF}.Debug|Win32.ActiveCfg = Debug|Win32
		{CF156E50-8EFC-40CE-9D40-4A50318293DF}.Debug|Win32.Build.0 = Debug|Win32
		{CF156E50-8EFC-40CE-9D40-4A50318293DF}.Release|Win32.ActiveCfg = Release|Win32
		{CF156E50-8EFC-40CE-9D40-4A50318293DF}.Release|Win32.Build.0 = Release|Win32
		{CF156E50-8EFC-40CE-9D40-4A50318293DF}.MinSizeRel|Win32.ActiveCfg = MinSizeRel|Win32
		{CF156E50-8EFC-40CE-9D40-4A50318293DF}.MinSizeRel|Win32.Build.0 = MinSizeRel|Win32
		{CF156E50-8EFC-40CE-9D40-4A50318293DF}.RelWithDebInfo|Win32.ActiveCfg = RelWithDebInfo|Win32
		{CF156E50-8EFC-40CE-9D40-4A50318293DF}.RelWithDebInfo|Win32.Build.0 = RelWithDebInfo|Win32
	EndGlobalSection
	GlobalSection(NestedProjects) = preSolution
		{2E30816D-D41D-43A3-8262-963998D839B4} = {F5B9692B-27D8-4546-B553-2FCA9FF07218}
		{B0156ABD-03D1-4E46-AAC9-64084AF2664E} = {F5B9692B-27D8-4546-B553-2FCA9FF07218}
		{8B5082FA-1971-4357-8D06-1636EB944F37} = {F5B9692B-27D8-4546-B553-2FCA9FF07218}
		{2BFFEFC3-6356-44CA-A035-FDB3B943B139} = {4D6BEE19-3547-4248-875B-1816ECF756B8}
		{F9842558-95AA-4F3E-9C47-C46114BBD35D} = {4D6BEE19-3547-4248-875B-1816ECF756B8}
		{6ABA1F74-F8A1-46D0-A1DA-F9B96F26F544} = {4D6BEE19-3547-4248-875B-1816ECF756B8}
		{317835DC-05D5-4406-B128-071E22CD8E3F} = {4D6BEE19-3547-4248-875B-1816ECF756B8}
		{99D0FF43-4DD1-457F-92D0-6FB8EBFE34D1} = {4D6BEE19-3547-4248-875B-1816ECF756B8}
		{6F19B6C3-884D-4A91-BF96-D8A626B29867} = {874100E3-F9BA-44CF-905F-1D8B0C0EAC59}
		{5E2CE19A-956F-4187-AB38-F5EE2A340E4F} = {874100E3-F9BA-44CF-905F-1D8B0C0EAC59}
		{26B914A3-03F3-48B9-83F4-2A9168005FD5} = {874100E3-F9BA-44CF-905F-1D8B0C0EAC59}
		{0DE72E4D-2C2E-4F68-A0F2-7B008060A2B9} = {874100E3-F9BA-44CF-905F-1D8B0C0EAC59}
		{61FC68F1-C84B-41F6-813F-FCE7423A070A} = {874100E3-F9BA-44CF-905F-1D8B0C0EAC59}
		{B0FE9B18-A079-4EFD-9DFD-F5EC99F7774A} = {874100E3-F9BA-44CF-905F-1D8B0C0EAC59}
		{F36E7330-9BB1-4021-A116-E7AD5BEA23E4} = {874100E3-F9BA-44CF-905F-1D8B0C0EAC59}
		{E9BFC866-6228-47DB-AB89-45B5D4738AFD} = {874100E3-F9BA-44CF-905F-1D8B0C0EAC59}
		{A6FE2ADC-26D8-42A4-B904-5140480FC6A9} = {874100E3-F9BA-44CF-905F-1D8B0C0EAC59}
		{2BA993BD-152F-4247-B688-E18E038BED7C} = {874100E3-F9BA-44CF-905F-1D8B0C0EAC59}
		{C1F7A638-6114-451A-B46E-C8EB9AAF9E5A} = {874100E3-F9BA-44CF-905F-1D8B0C0EAC59}
		{EC3B4D9F-FE30-429C-B5D7-648A109AD66C} = {874100E3-F9BA-44CF-905F-1D8B0C0EAC59}
		{D6E76E25-B972-452A-BB1F-BA2CE6C65846} = {874100E3-F9BA-44CF-905F-1D8B0C0EAC59}
		{09681324-3102-4CD5-B8B0-680197D22801} = {874100E3-F9BA-44CF-905F-1D8B0C0EAC59}
		{F46F2C60-9041-499B-A24D-2EEBA46CECCE} = {874100E3-F9BA-44CF-905F-1D8B0C0EAC59}
		{61780A97-53EF-4B11-BF97-5031B77CF287} = {874100E3-F9BA-44CF-905F-1D8B0C0EAC59}
		{71732232-29E1-42CE-BA65-84B7A15F38BF} = {874100E3-F9BA-44CF-905F-1D8B0C0EAC59}
		{899A0977-0289-415C-9CCE-650B9115311D} = {874100E3-F9BA-44CF-905F-1D8B0C0EAC59}
		{62DCE4CE-373F-490B-A2B0-B2F9860845E3} = {874100E3-F9BA-44CF-905F-1D8B0C0EAC59}
		{3B5F89D7-3F2B-469F-86BB-C0681700E9B2} = {874100E3-F9BA-44CF-905F-1D8B0C0EAC59}
		{CE7B109E-AA7B-4C39-8FB3-F103F3CCAEAD} = {874100E3-F9BA-44CF-905F-1D8B0C0EAC59}
		{AF5937C2-4811-434A-8778-BE80DC3DB06C} = {874100E3-F9BA-44CF-905F-1D8B0C0EAC59}
		{DBB72A23-71F2-4AD0-AB01-9EDADE40BB75} = {874100E3-F9BA-44CF-905F-1D8B0C0EAC59}
		{70097CE4-7D2C-4C8A-A68C-658EDA9EF069} = {874100E3-F9BA-44CF-905F-1D8B0C0EAC59}
		{C568E754-B095-4F77-A1EA-DDC58312C8F0} = {874100E3-F9BA-44CF-905F-1D8B0C0EAC59}
		{F32A9266-AC4C-4B3C-B352-E820E5C3137F} = {874100E3-F9BA-44CF-905F-1D8B0C0EAC59}
		{B69CA2EB-954A-4789-B775-7426F8A428EF} = {874100E3-F9BA-44CF-905F-1D8B0C0EAC59}
		{DA374479-2C85-493A-887C-0F33A2DEE7F4} = {874100E3-F9BA-44CF-905F-1D8B0C0EAC59}
		{FE2FAC50-4232-4539-B5B3-A113A2CF1BFE} = {874100E3-F9BA-44CF-905F-1D8B0C0EAC59}
		{919A7E72-D107-433B-B361-51F20505C142} = {874100E3-F9BA-44CF-905F-1D8B0C0EAC59}
		{5CDBDFB1-F01E-40B8-90FD-5748788A6A35} = {874100E3-F9BA-44CF-905F-1D8B0C0EAC59}
		{44F4911F-24CC-4599-9D40-E8A2EA033C66} = {874100E3-F9BA-44CF-905F-1D8B0C0EAC59}
		{A75E4AD5-F2D6-4AA9-B425-FFF50B8B412C} = {874100E3-F9BA-44CF-905F-1D8B0C0EAC59}
		{790E5FAF-BED5-4BE4-BF48-3AF1206F53EE} = {874100E3-F9BA-44CF-905F-1D8B0C0EAC59}
		{6938FD40-D670-4792-9FAB-F00E5D5B865E} = {874100E3-F9BA-44CF-905F-1D8B0C0EAC59}
		{26EFE06C-4EAD-41DF-BA5F-EE6D75BC6A31} = {874100E3-F9BA-44CF-905F-1D8B0C0EAC59}
		{762BAE6D-ACFE-47B4-B795-D7B4751C8579} = {874100E3-F9BA-44CF-905F-1D8B0C0EAC59}
		{7C1AFFF9-CD16-4C91-B55B-630BA7CCE9C8} = {874100E3-F9BA-44CF-905F-1D8B0C0EAC59}
		{34F0DA16-22D3-4CE1-B8C0-1168441BE781} = {874100E3-F9BA-44CF-905F-1D8B0C0EAC59}
		{6AEA5E4D-64FA-44BD-A177-E9E441EF48D7} = {874100E3-F9BA-44CF-905F-1D8B0C0EAC59}
		{0CA7A0B7-B2F5-4F80-B7CE-7C9D705E03F7} = {874100E3-F9BA-44CF-905F-1D8B0C0EAC59}
		{D9F1300D-8D73-4FFF-B3EA-C87B733AABE1} = {874100E3-F9BA-44CF-905F-1D8B0C0EAC59}
		{14C2D9FA-221F-4891-AECA-0CA4459229DE} = {874100E3-F9BA-44CF-905F-1D8B0C0EAC59}
		{CF156E50-8EFC-40CE-9D40-4A50318293DF} = {874100E3-F9BA-44CF-905F-1D8B0C0EAC59}
	EndGlobalSection
	GlobalSection(ExtensibilityGlobals) = postSolution
	EndGlobalSection
	GlobalSection(ExtensibilityAddIns) = postSolution
	EndGlobalSection
EndGlobal
