<?xml version="1.0" encoding="utf-8"?>
<Project ToolsVersion="12.0" xmlns="http://schemas.microsoft.com/developer/msbuild/2003">
  <ItemGroup>
    <ClCompile Include="..\..\..\..\src\osgEarthDrivers\sky_simple\SimpleSkyDriver.cpp">
      <Filter>Source Files</Filter>
    </ClCompile>
    <ClCompile Include="..\..\..\..\src\osgEarthDrivers\sky_simple\SimpleSkyNode.cpp">
      <Filter>Source Files</Filter>
    </ClCompile>
    <ClCompile Include="AutoGenShaders.cpp">
      <Filter>Source Files</Filter>
    </ClCompile>
  </ItemGroup>
  <ItemGroup>
    <ClInclude Include="..\..\..\..\src\osgEarthDrivers\sky_simple\SimpleSkyShaders.cpp.in">
      <Filter>Template Files</Filter>
    </ClInclude>
  </ItemGroup>
  <ItemGroup>
    <CustomBuild Include="..\..\..\CMakeFiles\c32e5510df65b8040b704e7c975a6dcf\AutoGenShaders.cpp.rule">
      <Filter>CMake Rules</Filter>
    </CustomBuild>
  </ItemGroup>
  <ItemGroup>
    <None Include="..\..\..\..\src\osgEarthDrivers\sky_simple\SimpleSkyOptions">
      <Filter>Header Files</Filter>
    </None>
    <None Include="..\..\..\..\src\osgEarthDrivers\sky_simple\SimpleSkyNode">
      <Filter>Header Files</Filter>
    </None>
    <None Include="..\..\..\..\src\osgEarthDrivers\sky_simple\SimpleSkyShaders">
      <Filter>Header Files</Filter>
    </None>
    <None Include="..\..\..\..\src\osgEarthDrivers\sky_simple\SimpleSky.Atmosphere.frag.glsl">
      <Filter>Shader Files</Filter>
    </None>
    <None Include="..\..\..\..\src\osgEarthDrivers\sky_simple\SimpleSky.Atmosphere.vert.glsl">
      <Filter>Shader Files</Filter>
    </None>
    <None Include="..\..\..\..\src\osgEarthDrivers\sky_simple\SimpleSky.Ground.ONeil.frag.glsl">
      <Filter>Shader Files</Filter>
    </None>
    <None Include="..\..\..\..\src\osgEarthDrivers\sky_simple\SimpleSky.Ground.ONeil.vert.glsl">
      <Filter>Shader Files</Filter>
    </None>
    <None Include="..\..\..\..\src\osgEarthDrivers\sky_simple\SimpleSky.Moon.frag.glsl">
      <Filter>Shader Files</Filter>
    </None>
    <None Include="..\..\..\..\src\osgEarthDrivers\sky_simple\SimpleSky.Moon.vert.glsl">
      <Filter>Shader Files</Filter>
    </None>
    <None Include="..\..\..\..\src\osgEarthDrivers\sky_simple\SimpleSky.Stars.frag.glsl">
      <Filter>Shader Files</Filter>
    </None>
    <None Include="..\..\..\..\src\osgEarthDrivers\sky_simple\SimpleSky.Stars.vert.glsl">
      <Filter>Shader Files</Filter>
    </None>
    <None Include="..\..\..\..\src\osgEarthDrivers\sky_simple\SimpleSky.Stars.GLES.frag.glsl">
      <Filter>Shader Files</Filter>
    </None>
    <None Include="..\..\..\..\src\osgEarthDrivers\sky_simple\SimpleSky.Stars.GLES.vert.glsl">
      <Filter>Shader Files</Filter>
    </None>
    <None Include="..\..\..\..\src\osgEarthDrivers\sky_simple\SimpleSky.Sun.frag.glsl">
      <Filter>Shader Files</Filter>
    </None>
    <None Include="..\..\..\..\src\osgEarthDrivers\sky_simple\SimpleSky.Sun.vert.glsl">
      <Filter>Shader Files</Filter>
    </None>
  </ItemGroup>
  <ItemGroup>
    <Filter Include="Source Files">
      <UniqueIdentifier>{CF0D3687-B702-4B23-8073-F78C0F4942B8}</UniqueIdentifier>
    </Filter>
    <Filter Include="Header Files">
      <UniqueIdentifier>{9577DF2B-752F-4E32-A763-02007023CFB3}</UniqueIdentifier>
    </Filter>
    <Filter Include="CMake Rules">
      <UniqueIdentifier>{AA766389-AEAC-4B32-847C-5DDDB735706A}</UniqueIdentifier>
    </Filter>
    <Filter Include="Shader Files">
      <UniqueIdentifier>{5F64A0B7-70D4-4345-9165-ACE29E6CD7DA}</UniqueIdentifier>
    </Filter>
    <Filter Include="Template Files">
      <UniqueIdentifier>{2FD69DE2-9A08-4BE0-9A06-23A1AB931483}</UniqueIdentifier>
    </Filter>
  </ItemGroup>
</Project>