<?xml version="1.0" encoding="utf-8"?>
<Project ToolsVersion="12.0" xmlns="http://schemas.microsoft.com/developer/msbuild/2003">
  <ItemGroup>
    <CustomBuild Include="..\..\..\src\applications\CMakeLists.txt" />
    <CustomBuild Include="..\..\CMakeFiles\3d1b28dcdf7473967cbf4fe7611f87be\ALL_BUILD.rule">
      <Filter>CMake Rules</Filter>
    </CustomBuild>
  </ItemGroup>
  <ItemGroup>
    <None Include="CMakeFiles\ALL_BUILD" />
  </ItemGroup>
  <ItemGroup>
    <Filter Include="CMake Rules">
      <UniqueIdentifier>{AA766389-AEAC-4B32-847C-5DDDB735706A}</UniqueIdentifier>
    </Filter>
  </ItemGroup>
</Project>
