Microsoft Visual Studio Solution File, Format Version 12.00
# Visual Studio 2013
Project("{8BC9CEB8-8B4A-11D0-8D11-00A0C91BC942}") = "ALL_BUILD", "ALL_BUILD.vcxproj", "{AE8077FB-D820-4A28-A8FF-EC93EC26BCA2}"
	ProjectSection(ProjectDependencies) = postProject
		{BE6CE499-0E2C-4340-9FF1-C7187A26054C} = {BE6CE499-0E2C-4340-9FF1-C7187A26054C}
		{4854E562-FAB1-468B-8B33-B73628B27E18} = {4854E562-FAB1-468B-8B33-B73628B27E18}
		{6001673C-3296-4334-B090-502DF60A7391} = {6001673C-3296-4334-B090-502DF60A7391}
		{AD72A752-D104-4711-A55E-4DA741A88EB9} = {AD72A752-D104-4711-A55E-4DA741A88EB9}
		{7F27622C-A086-4863-9E88-B2FE37C0D791} = {7F27622C-A086-4863-9E88-B2FE37C0D791}
		{D29CB352-9F22-478B-B73A-AB2024AA04B8} = {D29CB352-9F22-478B-B73A-AB2024AA04B8}
		{0B8E527D-C5CE-41D8-8705-4BEED9618DF8} = {0B8E527D-C5CE-41D8-8705-4BEED9618DF8}
		{BCEC9893-7B3B-4F6E-858C-941FCC0730FF} = {BCEC9893-7B3B-4F6E-858C-941FCC0730FF}
	EndProjectSection
EndProject
Project("{8BC9CEB8-8B4A-11D0-8D11-00A0C91BC942}") = "INSTALL", "INSTALL.vcxproj", "{2E30816D-D41D-43A3-8262-963998D839B4}"
	ProjectSection(ProjectDependencies) = postProject
		{AE8077FB-D820-4A28-A8FF-EC93EC26BCA2} = {AE8077FB-D820-4A28-A8FF-EC93EC26BCA2}
	EndProjectSection
EndProject
Project("{8BC9CEB8-8B4A-11D0-8D11-00A0C91BC942}") = "PACKAGE", "PACKAGE.vcxproj", "{B0156ABD-03D1-4E46-AAC9-64084AF2664E}"
	ProjectSection(ProjectDependencies) = postProject
		{AE8077FB-D820-4A28-A8FF-EC93EC26BCA2} = {AE8077FB-D820-4A28-A8FF-EC93EC26BCA2}
	EndProjectSection
EndProject
Project("{8BC9CEB8-8B4A-11D0-8D11-00A0C91BC942}") = "ZERO_CHECK", "..\..\ZERO_CHECK.vcxproj", "{8B5082FA-1971-4357-8D06-1636EB944F37}"
	ProjectSection(ProjectDependencies) = postProject
	EndProjectSection
EndProject
Project("{8BC9CEB8-8B4A-11D0-8D11-00A0C91BC942}") = "osgEarth", "..\osgEarth\osgEarth.vcxproj", "{2BFFEFC3-6356-44CA-A035-FDB3B943B139}"
	ProjectSection(ProjectDependencies) = postProject
		{8B5082FA-1971-4357-8D06-1636EB944F37} = {8B5082FA-1971-4357-8D06-1636EB944F37}
	EndProjectSection
EndProject
Project("{8BC9CEB8-8B4A-11D0-8D11-00A0C91BC942}") = "osgEarthAnnotation", "..\osgEarthAnnotation\osgEarthAnnotation.vcxproj", "{F9842558-95AA-4F3E-9C47-C46114BBD35D}"
	ProjectSection(ProjectDependencies) = postProject
		{8B5082FA-1971-4357-8D06-1636EB944F37} = {8B5082FA-1971-4357-8D06-1636EB944F37}
		{2BFFEFC3-6356-44CA-A035-FDB3B943B139} = {2BFFEFC3-6356-44CA-A035-FDB3B943B139}
		{6ABA1F74-F8A1-46D0-A1DA-F9B96F26F544} = {6ABA1F74-F8A1-46D0-A1DA-F9B96F26F544}
		{317835DC-05D5-4406-B128-071E22CD8E3F} = {317835DC-05D5-4406-B128-071E22CD8E3F}
	EndProjectSection
EndProject
Project("{8BC9CEB8-8B4A-11D0-8D11-00A0C91BC942}") = "osgEarthFeatures", "..\osgEarthFeatures\osgEarthFeatures.vcxproj", "{6ABA1F74-F8A1-46D0-A1DA-F9B96F26F544}"
	ProjectSection(ProjectDependencies) = postProject
		{8B5082FA-1971-4357-8D06-1636EB944F37} = {8B5082FA-1971-4357-8D06-1636EB944F37}
		{2BFFEFC3-6356-44CA-A035-FDB3B943B139} = {2BFFEFC3-6356-44CA-A035-FDB3B943B139}
		{317835DC-05D5-4406-B128-071E22CD8E3F} = {317835DC-05D5-4406-B128-071E22CD8E3F}
	EndProjectSection
EndProject
Project("{8BC9CEB8-8B4A-11D0-8D11-00A0C91BC942}") = "osgEarthSymbology", "..\osgEarthSymbology\osgEarthSymbology.vcxproj", "{317835DC-05D5-4406-B128-071E22CD8E3F}"
	ProjectSection(ProjectDependencies) = postProject
		{8B5082FA-1971-4357-8D06-1636EB944F37} = {8B5082FA-1971-4357-8D06-1636EB944F37}
		{2BFFEFC3-6356-44CA-A035-FDB3B943B139} = {2BFFEFC3-6356-44CA-A035-FDB3B943B139}
	EndProjectSection
EndProject
Project("{8BC9CEB8-8B4A-11D0-8D11-00A0C91BC942}") = "osgEarthUtil", "..\osgEarthUtil\osgEarthUtil.vcxproj", "{99D0FF43-4DD1-457F-92D0-6FB8EBFE34D1}"
	ProjectSection(ProjectDependencies) = postProject
		{8B5082FA-1971-4357-8D06-1636EB944F37} = {8B5082FA-1971-4357-8D06-1636EB944F37}
		{2BFFEFC3-6356-44CA-A035-FDB3B943B139} = {2BFFEFC3-6356-44CA-A035-FDB3B943B139}
		{F9842558-95AA-4F3E-9C47-C46114BBD35D} = {F9842558-95AA-4F3E-9C47-C46114BBD35D}
		{6ABA1F74-F8A1-46D0-A1DA-F9B96F26F544} = {6ABA1F74-F8A1-46D0-A1DA-F9B96F26F544}
		{317835DC-05D5-4406-B128-071E22CD8E3F} = {317835DC-05D5-4406-B128-071E22CD8E3F}
	EndProjectSection
EndProject
Project("{8BC9CEB8-8B4A-11D0-8D11-00A0C91BC942}") = "osgdb_osgearth_billboard", "billboard\osgdb_osgearth_billboard.vcxproj", "{BE6CE499-0E2C-4340-9FF1-C7187A26054C}"
	ProjectSection(ProjectDependencies) = postProject
		{8B5082FA-1971-4357-8D06-1636EB944F37} = {8B5082FA-1971-4357-8D06-1636EB944F37}
		{2BFFEFC3-6356-44CA-A035-FDB3B943B139} = {2BFFEFC3-6356-44CA-A035-FDB3B943B139}
		{F9842558-95AA-4F3E-9C47-C46114BBD35D} = {F9842558-95AA-4F3E-9C47-C46114BBD35D}
		{6ABA1F74-F8A1-46D0-A1DA-F9B96F26F544} = {6ABA1F74-F8A1-46D0-A1DA-F9B96F26F544}
		{317835DC-05D5-4406-B128-071E22CD8E3F} = {317835DC-05D5-4406-B128-071E22CD8E3F}
		{99D0FF43-4DD1-457F-92D0-6FB8EBFE34D1} = {99D0FF43-4DD1-457F-92D0-6FB8EBFE34D1}
	EndProjectSection
EndProject
Project("{8BC9CEB8-8B4A-11D0-8D11-00A0C91BC942}") = "osgdb_osgearth_bumpmap", "bumpmap\osgdb_osgearth_bumpmap.vcxproj", "{4854E562-FAB1-468B-8B33-B73628B27E18}"
	ProjectSection(ProjectDependencies) = postProject
		{8B5082FA-1971-4357-8D06-1636EB944F37} = {8B5082FA-1971-4357-8D06-1636EB944F37}
		{2BFFEFC3-6356-44CA-A035-FDB3B943B139} = {2BFFEFC3-6356-44CA-A035-FDB3B943B139}
		{F9842558-95AA-4F3E-9C47-C46114BBD35D} = {F9842558-95AA-4F3E-9C47-C46114BBD35D}
		{6ABA1F74-F8A1-46D0-A1DA-F9B96F26F544} = {6ABA1F74-F8A1-46D0-A1DA-F9B96F26F544}
		{317835DC-05D5-4406-B128-071E22CD8E3F} = {317835DC-05D5-4406-B128-071E22CD8E3F}
		{99D0FF43-4DD1-457F-92D0-6FB8EBFE34D1} = {99D0FF43-4DD1-457F-92D0-6FB8EBFE34D1}
	EndProjectSection
EndProject
Project("{8BC9CEB8-8B4A-11D0-8D11-00A0C91BC942}") = "osgdb_osgearth_mapinspector", "mapinspector\osgdb_osgearth_mapinspector.vcxproj", "{6001673C-3296-4334-B090-502DF60A7391}"
	ProjectSection(ProjectDependencies) = postProject
		{8B5082FA-1971-4357-8D06-1636EB944F37} = {8B5082FA-1971-4357-8D06-1636EB944F37}
		{2BFFEFC3-6356-44CA-A035-FDB3B943B139} = {2BFFEFC3-6356-44CA-A035-FDB3B943B139}
		{F9842558-95AA-4F3E-9C47-C46114BBD35D} = {F9842558-95AA-4F3E-9C47-C46114BBD35D}
		{6ABA1F74-F8A1-46D0-A1DA-F9B96F26F544} = {6ABA1F74-F8A1-46D0-A1DA-F9B96F26F544}
		{317835DC-05D5-4406-B128-071E22CD8E3F} = {317835DC-05D5-4406-B128-071E22CD8E3F}
		{99D0FF43-4DD1-457F-92D0-6FB8EBFE34D1} = {99D0FF43-4DD1-457F-92D0-6FB8EBFE34D1}
	EndProjectSection
EndProject
Project("{8BC9CEB8-8B4A-11D0-8D11-00A0C91BC942}") = "osgdb_osgearth_noise", "noise\osgdb_osgearth_noise.vcxproj", "{AD72A752-D104-4711-A55E-4DA741A88EB9}"
	ProjectSection(ProjectDependencies) = postProject
		{8B5082FA-1971-4357-8D06-1636EB944F37} = {8B5082FA-1971-4357-8D06-1636EB944F37}
		{2BFFEFC3-6356-44CA-A035-FDB3B943B139} = {2BFFEFC3-6356-44CA-A035-FDB3B943B139}
		{F9842558-95AA-4F3E-9C47-C46114BBD35D} = {F9842558-95AA-4F3E-9C47-C46114BBD35D}
		{6ABA1F74-F8A1-46D0-A1DA-F9B96F26F544} = {6ABA1F74-F8A1-46D0-A1DA-F9B96F26F544}
		{317835DC-05D5-4406-B128-071E22CD8E3F} = {317835DC-05D5-4406-B128-071E22CD8E3F}
		{99D0FF43-4DD1-457F-92D0-6FB8EBFE34D1} = {99D0FF43-4DD1-457F-92D0-6FB8EBFE34D1}
	EndProjectSection
EndProject
Project("{8BC9CEB8-8B4A-11D0-8D11-00A0C91BC942}") = "osgdb_osgearth_normalmap", "normalmap\osgdb_osgearth_normalmap.vcxproj", "{7F27622C-A086-4863-9E88-B2FE37C0D791}"
	ProjectSection(ProjectDependencies) = postProject
		{8B5082FA-1971-4357-8D06-1636EB944F37} = {8B5082FA-1971-4357-8D06-1636EB944F37}
		{2BFFEFC3-6356-44CA-A035-FDB3B943B139} = {2BFFEFC3-6356-44CA-A035-FDB3B943B139}
		{F9842558-95AA-4F3E-9C47-C46114BBD35D} = {F9842558-95AA-4F3E-9C47-C46114BBD35D}
		{6ABA1F74-F8A1-46D0-A1DA-F9B96F26F544} = {6ABA1F74-F8A1-46D0-A1DA-F9B96F26F544}
		{317835DC-05D5-4406-B128-071E22CD8E3F} = {317835DC-05D5-4406-B128-071E22CD8E3F}
		{99D0FF43-4DD1-457F-92D0-6FB8EBFE34D1} = {99D0FF43-4DD1-457F-92D0-6FB8EBFE34D1}
	EndProjectSection
EndProject
Project("{8BC9CEB8-8B4A-11D0-8D11-00A0C91BC942}") = "osgdb_osgearth_splat", "splat\osgdb_osgearth_splat.vcxproj", "{D29CB352-9F22-478B-B73A-AB2024AA04B8}"
	ProjectSection(ProjectDependencies) = postProject
		{8B5082FA-1971-4357-8D06-1636EB944F37} = {8B5082FA-1971-4357-8D06-1636EB944F37}
		{2BFFEFC3-6356-44CA-A035-FDB3B943B139} = {2BFFEFC3-6356-44CA-A035-FDB3B943B139}
		{F9842558-95AA-4F3E-9C47-C46114BBD35D} = {F9842558-95AA-4F3E-9C47-C46114BBD35D}
		{6ABA1F74-F8A1-46D0-A1DA-F9B96F26F544} = {6ABA1F74-F8A1-46D0-A1DA-F9B96F26F544}
		{317835DC-05D5-4406-B128-071E22CD8E3F} = {317835DC-05D5-4406-B128-071E22CD8E3F}
		{99D0FF43-4DD1-457F-92D0-6FB8EBFE34D1} = {99D0FF43-4DD1-457F-92D0-6FB8EBFE34D1}
	EndProjectSection
EndProject
Project("{8BC9CEB8-8B4A-11D0-8D11-00A0C91BC942}") = "osgdb_osgearth_terrainshader", "terrainshader\osgdb_osgearth_terrainshader.vcxproj", "{0B8E527D-C5CE-41D8-8705-4BEED9618DF8}"
	ProjectSection(ProjectDependencies) = postProject
		{8B5082FA-1971-4357-8D06-1636EB944F37} = {8B5082FA-1971-4357-8D06-1636EB944F37}
		{2BFFEFC3-6356-44CA-A035-FDB3B943B139} = {2BFFEFC3-6356-44CA-A035-FDB3B943B139}
		{F9842558-95AA-4F3E-9C47-C46114BBD35D} = {F9842558-95AA-4F3E-9C47-C46114BBD35D}
		{6ABA1F74-F8A1-46D0-A1DA-F9B96F26F544} = {6ABA1F74-F8A1-46D0-A1DA-F9B96F26F544}
		{317835DC-05D5-4406-B128-071E22CD8E3F} = {317835DC-05D5-4406-B128-071E22CD8E3F}
		{99D0FF43-4DD1-457F-92D0-6FB8EBFE34D1} = {99D0FF43-4DD1-457F-92D0-6FB8EBFE34D1}
	EndProjectSection
EndProject
Project("{8BC9CEB8-8B4A-11D0-8D11-00A0C91BC942}") = "osgdb_osgearth_viewpoints", "viewpoints\osgdb_osgearth_viewpoints.vcxproj", "{BCEC9893-7B3B-4F6E-858C-941FCC0730FF}"
	ProjectSection(ProjectDependencies) = postProject
		{8B5082FA-1971-4357-8D06-1636EB944F37} = {8B5082FA-1971-4357-8D06-1636EB944F37}
		{2BFFEFC3-6356-44CA-A035-FDB3B943B139} = {2BFFEFC3-6356-44CA-A035-FDB3B943B139}
		{F9842558-95AA-4F3E-9C47-C46114BBD35D} = {F9842558-95AA-4F3E-9C47-C46114BBD35D}
		{6ABA1F74-F8A1-46D0-A1DA-F9B96F26F544} = {6ABA1F74-F8A1-46D0-A1DA-F9B96F26F544}
		{317835DC-05D5-4406-B128-071E22CD8E3F} = {317835DC-05D5-4406-B128-071E22CD8E3F}
		{99D0FF43-4DD1-457F-92D0-6FB8EBFE34D1} = {99D0FF43-4DD1-457F-92D0-6FB8EBFE34D1}
	EndProjectSection
EndProject
Project("{2150E333-8FDC-42A3-9474-1A3956D46DE8}") = "CMake Targets", "CMake Targets", "{F5B9692B-27D8-4546-B553-2FCA9FF07218}"
EndProject
Project("{2150E333-8FDC-42A3-9474-1A3956D46DE8}") = "Extensions", "Extensions", "{9C737545-06DF-44AA-864F-0A4D4F287C93}"
EndProject
Project("{2150E333-8FDC-42A3-9474-1A3956D46DE8}") = "Libs", "Libs", "{4D6BEE19-3547-4248-875B-1816ECF756B8}"
EndProject
Global
	GlobalSection(SolutionConfigurationPlatforms) = preSolution
		Debug|Win32 = Debug|Win32
		Release|Win32 = Release|Win32
		MinSizeRel|Win32 = MinSizeRel|Win32
		RelWithDebInfo|Win32 = RelWithDebInfo|Win32
	EndGlobalSection
	GlobalSection(ProjectConfigurationPlatforms) = postSolution
		{AE8077FB-D820-4A28-A8FF-EC93EC26BCA2}.Debug|Win32.ActiveCfg = Debug|Win32
		{AE8077FB-D820-4A28-A8FF-EC93EC26BCA2}.Debug|Win32.Build.0 = Debug|Win32
		{AE8077FB-D820-4A28-A8FF-EC93EC26BCA2}.Release|Win32.ActiveCfg = Release|Win32
		{AE8077FB-D820-4A28-A8FF-EC93EC26BCA2}.Release|Win32.Build.0 = Release|Win32
		{AE8077FB-D820-4A28-A8FF-EC93EC26BCA2}.MinSizeRel|Win32.ActiveCfg = MinSizeRel|Win32
		{AE8077FB-D820-4A28-A8FF-EC93EC26BCA2}.MinSizeRel|Win32.Build.0 = MinSizeRel|Win32
		{AE8077FB-D820-4A28-A8FF-EC93EC26BCA2}.RelWithDebInfo|Win32.ActiveCfg = RelWithDebInfo|Win32
		{AE8077FB-D820-4A28-A8FF-EC93EC26BCA2}.RelWithDebInfo|Win32.Build.0 = RelWithDebInfo|Win32
		{2E30816D-D41D-43A3-8262-963998D839B4}.Debug|Win32.ActiveCfg = Debug|Win32
		{2E30816D-D41D-43A3-8262-963998D839B4}.Release|Win32.ActiveCfg = Release|Win32
		{2E30816D-D41D-43A3-8262-963998D839B4}.MinSizeRel|Win32.ActiveCfg = MinSizeRel|Win32
		{2E30816D-D41D-43A3-8262-963998D839B4}.RelWithDebInfo|Win32.ActiveCfg = RelWithDebInfo|Win32
		{B0156ABD-03D1-4E46-AAC9-64084AF2664E}.Debug|Win32.ActiveCfg = Debug|Win32
		{B0156ABD-03D1-4E46-AAC9-64084AF2664E}.Release|Win32.ActiveCfg = Release|Win32
		{B0156ABD-03D1-4E46-AAC9-64084AF2664E}.MinSizeRel|Win32.ActiveCfg = MinSizeRel|Win32
		{B0156ABD-03D1-4E46-AAC9-64084AF2664E}.RelWithDebInfo|Win32.ActiveCfg = RelWithDebInfo|Win32
		{8B5082FA-1971-4357-8D06-1636EB944F37}.Debug|Win32.ActiveCfg = Debug|Win32
		{8B5082FA-1971-4357-8D06-1636EB944F37}.Debug|Win32.Build.0 = Debug|Win32
		{8B5082FA-1971-4357-8D06-1636EB944F37}.Release|Win32.ActiveCfg = Release|Win32
		{8B5082FA-1971-4357-8D06-1636EB944F37}.Release|Win32.Build.0 = Release|Win32
		{8B5082FA-1971-4357-8D06-1636EB944F37}.MinSizeRel|Win32.ActiveCfg = MinSizeRel|Win32
		{8B5082FA-1971-4357-8D06-1636EB944F37}.MinSizeRel|Win32.Build.0 = MinSizeRel|Win32
		{8B5082FA-1971-4357-8D06-1636EB944F37}.RelWithDebInfo|Win32.ActiveCfg = RelWithDebInfo|Win32
		{8B5082FA-1971-4357-8D06-1636EB944F37}.RelWithDebInfo|Win32.Build.0 = RelWithDebInfo|Win32
		{2BFFEFC3-6356-44CA-A035-FDB3B943B139}.Debug|Win32.ActiveCfg = Debug|Win32
		{2BFFEFC3-6356-44CA-A035-FDB3B943B139}.Debug|Win32.Build.0 = Debug|Win32
		{2BFFEFC3-6356-44CA-A035-FDB3B943B139}.Release|Win32.ActiveCfg = Release|Win32
		{2BFFEFC3-6356-44CA-A035-FDB3B943B139}.Release|Win32.Build.0 = Release|Win32
		{2BFFEFC3-6356-44CA-A035-FDB3B943B139}.MinSizeRel|Win32.ActiveCfg = MinSizeRel|Win32
		{2BFFEFC3-6356-44CA-A035-FDB3B943B139}.MinSizeRel|Win32.Build.0 = MinSizeRel|Win32
		{2BFFEFC3-6356-44CA-A035-FDB3B943B139}.RelWithDebInfo|Win32.ActiveCfg = RelWithDebInfo|Win32
		{2BFFEFC3-6356-44CA-A035-FDB3B943B139}.RelWithDebInfo|Win32.Build.0 = RelWithDebInfo|Win32
		{F9842558-95AA-4F3E-9C47-C46114BBD35D}.Debug|Win32.ActiveCfg = Debug|Win32
		{F9842558-95AA-4F3E-9C47-C46114BBD35D}.Debug|Win32.Build.0 = Debug|Win32
		{F9842558-95AA-4F3E-9C47-C46114BBD35D}.Release|Win32.ActiveCfg = Release|Win32
		{F9842558-95AA-4F3E-9C47-C46114BBD35D}.Release|Win32.Build.0 = Release|Win32
		{F9842558-95AA-4F3E-9C47-C46114BBD35D}.MinSizeRel|Win32.ActiveCfg = MinSizeRel|Win32
		{F9842558-95AA-4F3E-9C47-C46114BBD35D}.MinSizeRel|Win32.Build.0 = MinSizeRel|Win32
		{F9842558-95AA-4F3E-9C47-C46114BBD35D}.RelWithDebInfo|Win32.ActiveCfg = RelWithDebInfo|Win32
		{F9842558-95AA-4F3E-9C47-C46114BBD35D}.RelWithDebInfo|Win32.Build.0 = RelWithDebInfo|Win32
		{6ABA1F74-F8A1-46D0-A1DA-F9B96F26F544}.Debug|Win32.ActiveCfg = Debug|Win32
		{6ABA1F74-F8A1-46D0-A1DA-F9B96F26F544}.Debug|Win32.Build.0 = Debug|Win32
		{6ABA1F74-F8A1-46D0-A1DA-F9B96F26F544}.Release|Win32.ActiveCfg = Release|Win32
		{6ABA1F74-F8A1-46D0-A1DA-F9B96F26F544}.Release|Win32.Build.0 = Release|Win32
		{6ABA1F74-F8A1-46D0-A1DA-F9B96F26F544}.MinSizeRel|Win32.ActiveCfg = MinSizeRel|Win32
		{6ABA1F74-F8A1-46D0-A1DA-F9B96F26F544}.MinSizeRel|Win32.Build.0 = MinSizeRel|Win32
		{6ABA1F74-F8A1-46D0-A1DA-F9B96F26F544}.RelWithDebInfo|Win32.ActiveCfg = RelWithDebInfo|Win32
		{6ABA1F74-F8A1-46D0-A1DA-F9B96F26F544}.RelWithDebInfo|Win32.Build.0 = RelWithDebInfo|Win32
		{317835DC-05D5-4406-B128-071E22CD8E3F}.Debug|Win32.ActiveCfg = Debug|Win32
		{317835DC-05D5-4406-B128-071E22CD8E3F}.Debug|Win32.Build.0 = Debug|Win32
		{317835DC-05D5-4406-B128-071E22CD8E3F}.Release|Win32.ActiveCfg = Release|Win32
		{317835DC-05D5-4406-B128-071E22CD8E3F}.Release|Win32.Build.0 = Release|Win32
		{317835DC-05D5-4406-B128-071E22CD8E3F}.MinSizeRel|Win32.ActiveCfg = MinSizeRel|Win32
		{317835DC-05D5-4406-B128-071E22CD8E3F}.MinSizeRel|Win32.Build.0 = MinSizeRel|Win32
		{317835DC-05D5-4406-B128-071E22CD8E3F}.RelWithDebInfo|Win32.ActiveCfg = RelWithDebInfo|Win32
		{317835DC-05D5-4406-B128-071E22CD8E3F}.RelWithDebInfo|Win32.Build.0 = RelWithDebInfo|Win32
		{99D0FF43-4DD1-457F-92D0-6FB8EBFE34D1}.Debug|Win32.ActiveCfg = Debug|Win32
		{99D0FF43-4DD1-457F-92D0-6FB8EBFE34D1}.Debug|Win32.Build.0 = Debug|Win32
		{99D0FF43-4DD1-457F-92D0-6FB8EBFE34D1}.Release|Win32.ActiveCfg = Release|Win32
		{99D0FF43-4DD1-457F-92D0-6FB8EBFE34D1}.Release|Win32.Build.0 = Release|Win32
		{99D0FF43-4DD1-457F-92D0-6FB8EBFE34D1}.MinSizeRel|Win32.ActiveCfg = MinSizeRel|Win32
		{99D0FF43-4DD1-457F-92D0-6FB8EBFE34D1}.MinSizeRel|Win32.Build.0 = MinSizeRel|Win32
		{99D0FF43-4DD1-457F-92D0-6FB8EBFE34D1}.RelWithDebInfo|Win32.ActiveCfg = RelWithDebInfo|Win32
		{99D0FF43-4DD1-457F-92D0-6FB8EBFE34D1}.RelWithDebInfo|Win32.Build.0 = RelWithDebInfo|Win32
		{BE6CE499-0E2C-4340-9FF1-C7187A26054C}.Debug|Win32.ActiveCfg = Debug|Win32
		{BE6CE499-0E2C-4340-9FF1-C7187A26054C}.Debug|Win32.Build.0 = Debug|Win32
		{BE6CE499-0E2C-4340-9FF1-C7187A26054C}.Release|Win32.ActiveCfg = Release|Win32
		{BE6CE499-0E2C-4340-9FF1-C7187A26054C}.Release|Win32.Build.0 = Release|Win32
		{BE6CE499-0E2C-4340-9FF1-C7187A26054C}.MinSizeRel|Win32.ActiveCfg = MinSizeRel|Win32
		{BE6CE499-0E2C-4340-9FF1-C7187A26054C}.MinSizeRel|Win32.Build.0 = MinSizeRel|Win32
		{BE6CE499-0E2C-4340-9FF1-C7187A26054C}.RelWithDebInfo|Win32.ActiveCfg = RelWithDebInfo|Win32
		{BE6CE499-0E2C-4340-9FF1-C7187A26054C}.RelWithDebInfo|Win32.Build.0 = RelWithDebInfo|Win32
		{4854E562-FAB1-468B-8B33-B73628B27E18}.Debug|Win32.ActiveCfg = Debug|Win32
		{4854E562-FAB1-468B-8B33-B73628B27E18}.Debug|Win32.Build.0 = Debug|Win32
		{4854E562-FAB1-468B-8B33-B73628B27E18}.Release|Win32.ActiveCfg = Release|Win32
		{4854E562-FAB1-468B-8B33-B73628B27E18}.Release|Win32.Build.0 = Release|Win32
		{4854E562-FAB1-468B-8B33-B73628B27E18}.MinSizeRel|Win32.ActiveCfg = MinSizeRel|Win32
		{4854E562-FAB1-468B-8B33-B73628B27E18}.MinSizeRel|Win32.Build.0 = MinSizeRel|Win32
		{4854E562-FAB1-468B-8B33-B73628B27E18}.RelWithDebInfo|Win32.ActiveCfg = RelWithDebInfo|Win32
		{4854E562-FAB1-468B-8B33-B73628B27E18}.RelWithDebInfo|Win32.Build.0 = RelWithDebInfo|Win32
		{6001673C-3296-4334-B090-502DF60A7391}.Debug|Win32.ActiveCfg = Debug|Win32
		{6001673C-3296-4334-B090-502DF60A7391}.Debug|Win32.Build.0 = Debug|Win32
		{6001673C-3296-4334-B090-502DF60A7391}.Release|Win32.ActiveCfg = Release|Win32
		{6001673C-3296-4334-B090-502DF60A7391}.Release|Win32.Build.0 = Release|Win32
		{6001673C-3296-4334-B090-502DF60A7391}.MinSizeRel|Win32.ActiveCfg = MinSizeRel|Win32
		{6001673C-3296-4334-B090-502DF60A7391}.MinSizeRel|Win32.Build.0 = MinSizeRel|Win32
		{6001673C-3296-4334-B090-502DF60A7391}.RelWithDebInfo|Win32.ActiveCfg = RelWithDebInfo|Win32
		{6001673C-3296-4334-B090-502DF60A7391}.RelWithDebInfo|Win32.Build.0 = RelWithDebInfo|Win32
		{AD72A752-D104-4711-A55E-4DA741A88EB9}.Debug|Win32.ActiveCfg = Debug|Win32
		{AD72A752-D104-4711-A55E-4DA741A88EB9}.Debug|Win32.Build.0 = Debug|Win32
		{AD72A752-D104-4711-A55E-4DA741A88EB9}.Release|Win32.ActiveCfg = Release|Win32
		{AD72A752-D104-4711-A55E-4DA741A88EB9}.Release|Win32.Build.0 = Release|Win32
		{AD72A752-D104-4711-A55E-4DA741A88EB9}.MinSizeRel|Win32.ActiveCfg = MinSizeRel|Win32
		{AD72A752-D104-4711-A55E-4DA741A88EB9}.MinSizeRel|Win32.Build.0 = MinSizeRel|Win32
		{AD72A752-D104-4711-A55E-4DA741A88EB9}.RelWithDebInfo|Win32.ActiveCfg = RelWithDebInfo|Win32
		{AD72A752-D104-4711-A55E-4DA741A88EB9}.RelWithDebInfo|Win32.Build.0 = RelWithDebInfo|Win32
		{7F27622C-A086-4863-9E88-B2FE37C0D791}.Debug|Win32.ActiveCfg = Debug|Win32
		{7F27622C-A086-4863-9E88-B2FE37C0D791}.Debug|Win32.Build.0 = Debug|Win32
		{7F27622C-A086-4863-9E88-B2FE37C0D791}.Release|Win32.ActiveCfg = Release|Win32
		{7F27622C-A086-4863-9E88-B2FE37C0D791}.Release|Win32.Build.0 = Release|Win32
		{7F27622C-A086-4863-9E88-B2FE37C0D791}.MinSizeRel|Win32.ActiveCfg = MinSizeRel|Win32
		{7F27622C-A086-4863-9E88-B2FE37C0D791}.MinSizeRel|Win32.Build.0 = MinSizeRel|Win32
		{7F27622C-A086-4863-9E88-B2FE37C0D791}.RelWithDebInfo|Win32.ActiveCfg = RelWithDebInfo|Win32
		{7F27622C-A086-4863-9E88-B2FE37C0D791}.RelWithDebInfo|Win32.Build.0 = RelWithDebInfo|Win32
		{D29CB352-9F22-478B-B73A-AB2024AA04B8}.Debug|Win32.ActiveCfg = Debug|Win32
		{D29CB352-9F22-478B-B73A-AB2024AA04B8}.Debug|Win32.Build.0 = Debug|Win32
		{D29CB352-9F22-478B-B73A-AB2024AA04B8}.Release|Win32.ActiveCfg = Release|Win32
		{D29CB352-9F22-478B-B73A-AB2024AA04B8}.Release|Win32.Build.0 = Release|Win32
		{D29CB352-9F22-478B-B73A-AB2024AA04B8}.MinSizeRel|Win32.ActiveCfg = MinSizeRel|Win32
		{D29CB352-9F22-478B-B73A-AB2024AA04B8}.MinSizeRel|Win32.Build.0 = MinSizeRel|Win32
		{D29CB352-9F22-478B-B73A-AB2024AA04B8}.RelWithDebInfo|Win32.ActiveCfg = RelWithDebInfo|Win32
		{D29CB352-9F22-478B-B73A-AB2024AA04B8}.RelWithDebInfo|Win32.Build.0 = RelWithDebInfo|Win32
		{0B8E527D-C5CE-41D8-8705-4BEED9618DF8}.Debug|Win32.ActiveCfg = Debug|Win32
		{0B8E527D-C5CE-41D8-8705-4BEED9618DF8}.Debug|Win32.Build.0 = Debug|Win32
		{0B8E527D-C5CE-41D8-8705-4BEED9618DF8}.Release|Win32.ActiveCfg = Release|Win32
		{0B8E527D-C5CE-41D8-8705-4BEED9618DF8}.Release|Win32.Build.0 = Release|Win32
		{0B8E527D-C5CE-41D8-8705-4BEED9618DF8}.MinSizeRel|Win32.ActiveCfg = MinSizeRel|Win32
		{0B8E527D-C5CE-41D8-8705-4BEED9618DF8}.MinSizeRel|Win32.Build.0 = MinSizeRel|Win32
		{0B8E527D-C5CE-41D8-8705-4BEED9618DF8}.RelWithDebInfo|Win32.ActiveCfg = RelWithDebInfo|Win32
		{0B8E527D-C5CE-41D8-8705-4BEED9618DF8}.RelWithDebInfo|Win32.Build.0 = RelWithDebInfo|Win32
		{BCEC9893-7B3B-4F6E-858C-941FCC0730FF}.Debug|Win32.ActiveCfg = Debug|Win32
		{BCEC9893-7B3B-4F6E-858C-941FCC0730FF}.Debug|Win32.Build.0 = Debug|Win32
		{BCEC9893-7B3B-4F6E-858C-941FCC0730FF}.Release|Win32.ActiveCfg = Release|Win32
		{BCEC9893-7B3B-4F6E-858C-941FCC0730FF}.Release|Win32.Build.0 = Release|Win32
		{BCEC9893-7B3B-4F6E-858C-941FCC0730FF}.MinSizeRel|Win32.ActiveCfg = MinSizeRel|Win32
		{BCEC9893-7B3B-4F6E-858C-941FCC0730FF}.MinSizeRel|Win32.Build.0 = MinSizeRel|Win32
		{BCEC9893-7B3B-4F6E-858C-941FCC0730FF}.RelWithDebInfo|Win32.ActiveCfg = RelWithDebInfo|Win32
		{BCEC9893-7B3B-4F6E-858C-941FCC0730FF}.RelWithDebInfo|Win32.Build.0 = RelWithDebInfo|Win32
	EndGlobalSection
	GlobalSection(NestedProjects) = preSolution
		{2E30816D-D41D-43A3-8262-963998D839B4} = {F5B9692B-27D8-4546-B553-2FCA9FF07218}
		{B0156ABD-03D1-4E46-AAC9-64084AF2664E} = {F5B9692B-27D8-4546-B553-2FCA9FF07218}
		{8B5082FA-1971-4357-8D06-1636EB944F37} = {F5B9692B-27D8-4546-B553-2FCA9FF07218}
		{BE6CE499-0E2C-4340-9FF1-C7187A26054C} = {9C737545-06DF-44AA-864F-0A4D4F287C93}
		{4854E562-FAB1-468B-8B33-B73628B27E18} = {9C737545-06DF-44AA-864F-0A4D4F287C93}
		{6001673C-3296-4334-B090-502DF60A7391} = {9C737545-06DF-44AA-864F-0A4D4F287C93}
		{AD72A752-D104-4711-A55E-4DA741A88EB9} = {9C737545-06DF-44AA-864F-0A4D4F287C93}
		{7F27622C-A086-4863-9E88-B2FE37C0D791} = {9C737545-06DF-44AA-864F-0A4D4F287C93}
		{D29CB352-9F22-478B-B73A-AB2024AA04B8} = {9C737545-06DF-44AA-864F-0A4D4F287C93}
		{0B8E527D-C5CE-41D8-8705-4BEED9618DF8} = {9C737545-06DF-44AA-864F-0A4D4F287C93}
		{BCEC9893-7B3B-4F6E-858C-941FCC0730FF} = {9C737545-06DF-44AA-864F-0A4D4F287C93}
		{2BFFEFC3-6356-44CA-A035-FDB3B943B139} = {4D6BEE19-3547-4248-875B-1816ECF756B8}
		{F9842558-95AA-4F3E-9C47-C46114BBD35D} = {4D6BEE19-3547-4248-875B-1816ECF756B8}
		{6ABA1F74-F8A1-46D0-A1DA-F9B96F26F544} = {4D6BEE19-3547-4248-875B-1816ECF756B8}
		{317835DC-05D5-4406-B128-071E22CD8E3F} = {4D6BEE19-3547-4248-875B-1816ECF756B8}
		{99D0FF43-4DD1-457F-92D0-6FB8EBFE34D1} = {4D6BEE19-3547-4248-875B-1816ECF756B8}
	EndGlobalSection
	GlobalSection(ExtensibilityGlobals) = postSolution
	EndGlobalSection
	GlobalSection(ExtensibilityAddIns) = postSolution
	EndGlobalSection
EndGlobal
