<?xml version="1.0" encoding="utf-8"?>
<Project ToolsVersion="4.0" xmlns="http://schemas.microsoft.com/developer/msbuild/2003">
  <ItemGroup>
    <ClCompile Include="..\..\..\..\src\osgEarthDrivers\cdb_features\FeatureSourceCDB.cpp">
      <Filter>Source Files</Filter>
    </ClCompile>
  </ItemGroup>
  <ItemGroup>
    <None Include="..\..\..\..\src\osgEarthDrivers\cdb_features\CDBFeatureOptions">
      <Filter>Header Files</Filter>
    </None>
  </ItemGroup>
  <ItemGroup>
    <Filter Include="Source Files">
      <UniqueIdentifier>{A793E928-68E3-4E7B-B359-F1C58635A9E3}</UniqueIdentifier>
    </Filter>
    <Filter Include="Header Files">
      <UniqueIdentifier>{B7CECA4B-4A96-4DD2-8820-382AD830786E}</UniqueIdentifier>
    </Filter>
  </ItemGroup>
</Project>